// !$*UTF8*$!
{
	archiveVersion = 1;
	classes = {
	};
	objectVersion = 56;
	objects = {

/* Begin PBXBuildFile section */
		77C95F712D80F1F287355889 /* Pods_FinanceApp_BackFront.framework in Frameworks */ = {isa = PBXBuildFile; fileRef = 851463C049845516B8F4A4A8 /* Pods_FinanceApp_BackFront.framework */; };
		A14DAE5C29D4E51400714208 /* TabBarController.storyboard in Resources */ = {isa = PBXBuildFile; fileRef = A14DAE5B29D4E51400714208 /* TabBarController.storyboard */; };
		A14DAE6029D4E91900714208 /* Registros.storyboard in Resources */ = {isa = PBXBuildFile; fileRef = A14DAE5F29D4E91900714208 /* Registros.storyboard */; };
		A14DAE6329D4E94200714208 /* Registros.swift in Sources */ = {isa = PBXBuildFile; fileRef = A14DAE6229D4E94200714208 /* Registros.swift */; };
		A16636EC29DE1A9400162872 /* TransactionsCollectionViewCell.swift in Sources */ = {isa = PBXBuildFile; fileRef = A16636EB29DE1A9400162872 /* TransactionsCollectionViewCell.swift */; };
		A16636EF29DE33C500162872 /* Transactions.swift in Sources */ = {isa = PBXBuildFile; fileRef = A16636EE29DE33C500162872 /* Transactions.swift */; };
		A166B96229DF4BD600F33A98 /* ListedCategories.swift in Sources */ = {isa = PBXBuildFile; fileRef = A166B96129DF4BD600F33A98 /* ListedCategories.swift */; };
		A1C9EFE329E60A7D0029B69F /* SplashScreen.storyboard in Resources */ = {isa = PBXBuildFile; fileRef = A1C9EFE229E60A7D0029B69F /* SplashScreen.storyboard */; };
		A1C9EFE529E60A880029B69F /* SplashScreen.swift in Sources */ = {isa = PBXBuildFile; fileRef = A1C9EFE429E60A880029B69F /* SplashScreen.swift */; };
		A1C9EFE729E60BB60029B69F /* MainScreen.swift in Sources */ = {isa = PBXBuildFile; fileRef = A1C9EFE629E60BB60029B69F /* MainScreen.swift */; };
		A1C9EFEA29E60CF50029B69F /* RegisterScreen.storyboard in Resources */ = {isa = PBXBuildFile; fileRef = A1C9EFE929E60CF50029B69F /* RegisterScreen.storyboard */; };
		A1C9EFEC29E60D080029B69F /* RegisterScreen.swift in Sources */ = {isa = PBXBuildFile; fileRef = A1C9EFEB29E60D080029B69F /* RegisterScreen.swift */; };
		A1C9EFEF29E60D7D0029B69F /* LoginScreen.swift in Sources */ = {isa = PBXBuildFile; fileRef = A1C9EFEE29E60D7D0029B69F /* LoginScreen.swift */; };
		A1C9EFF129E60D840029B69F /* LoginScreen.storyboard in Resources */ = {isa = PBXBuildFile; fileRef = A1C9EFF029E60D840029B69F /* LoginScreen.storyboard */; };
		A1C9EFF329E60E200029B69F /* ErrorScreen.storyboard in Resources */ = {isa = PBXBuildFile; fileRef = A1C9EFF229E60E200029B69F /* ErrorScreen.storyboard */; };
		A1C9F01E29E64E340029B69F /* TabBarController.swift in Sources */ = {isa = PBXBuildFile; fileRef = A1C9F01D29E64E340029B69F /* TabBarController.swift */; };
		A1E107B329E4E9A6005A3F4F /* AccountsScreen.storyboard in Resources */ = {isa = PBXBuildFile; fileRef = A1E107B229E4E9A6005A3F4F /* AccountsScreen.storyboard */; };
		A1E107B729E4EDB9005A3F4F /* AccountsScreen.swift in Sources */ = {isa = PBXBuildFile; fileRef = A1E107B629E4EDB9005A3F4F /* AccountsScreen.swift */; };
		A1E107BB29E4F426005A3F4F /* CreditCardsScreen.storyboard in Resources */ = {isa = PBXBuildFile; fileRef = A1E107BA29E4F426005A3F4F /* CreditCardsScreen.storyboard */; };
		A1E107BD29E4F432005A3F4F /* CreditCardsScreen.swift in Sources */ = {isa = PBXBuildFile; fileRef = A1E107BC29E4F432005A3F4F /* CreditCardsScreen.swift */; };
		A1E107C029E4F63D005A3F4F /* ProfileScreen.storyboard in Resources */ = {isa = PBXBuildFile; fileRef = A1E107BF29E4F63D005A3F4F /* ProfileScreen.storyboard */; };
		A1E107C229E4F646005A3F4F /* ProfileScreen.swift in Sources */ = {isa = PBXBuildFile; fileRef = A1E107C129E4F646005A3F4F /* ProfileScreen.swift */; };
		A1E107C729E4F784005A3F4F /* CurrencyScreen.storyboard in Resources */ = {isa = PBXBuildFile; fileRef = A1E107C629E4F784005A3F4F /* CurrencyScreen.storyboard */; };
		A1E107C929E4F78F005A3F4F /* CurrencyScreen.swift in Sources */ = {isa = PBXBuildFile; fileRef = A1E107C829E4F78F005A3F4F /* CurrencyScreen.swift */; };
		E35D084A29BDAD100098F0B5 /* AppDelegate.swift in Sources */ = {isa = PBXBuildFile; fileRef = E35D084929BDAD100098F0B5 /* AppDelegate.swift */; };
		E35D084C29BDAD100098F0B5 /* SceneDelegate.swift in Sources */ = {isa = PBXBuildFile; fileRef = E35D084B29BDAD100098F0B5 /* SceneDelegate.swift */; };
		E35D084E29BDAD100098F0B5 /* ViewController.swift in Sources */ = {isa = PBXBuildFile; fileRef = E35D084D29BDAD100098F0B5 /* ViewController.swift */; };
		E35D085129BDAD100098F0B5 /* MainScreen.storyboard in Resources */ = {isa = PBXBuildFile; fileRef = E35D084F29BDAD100098F0B5 /* MainScreen.storyboard */; };
		E35D085429BDAD100098F0B5 /* FinanceApp_BackFront.xcdatamodeld in Sources */ = {isa = PBXBuildFile; fileRef = E35D085229BDAD100098F0B5 /* FinanceApp_BackFront.xcdatamodeld */; };
		E35D085629BDAD110098F0B5 /* Assets.xcassets in Resources */ = {isa = PBXBuildFile; fileRef = E35D085529BDAD110098F0B5 /* Assets.xcassets */; };
		E35D085929BDAD110098F0B5 /* LaunchScreen.storyboard in Resources */ = {isa = PBXBuildFile; fileRef = E35D085729BDAD110098F0B5 /* LaunchScreen.storyboard */; };
		E35D086129BDB0310098F0B5 /* Tela_Inicio.swift in Sources */ = {isa = PBXBuildFile; fileRef = E35D086029BDB0310098F0B5 /* Tela_Inicio.swift */; };
		E35D086329BDB03D0098F0B5 /* Tela_Inicio.storyboard in Resources */ = {isa = PBXBuildFile; fileRef = E35D086229BDB03D0098F0B5 /* Tela_Inicio.storyboard */; };
		E35D086929BDB1C60098F0B5 /* Add_Tela.swift in Sources */ = {isa = PBXBuildFile; fileRef = E35D086829BDB1C60098F0B5 /* Add_Tela.swift */; };
		E35D086B29BDB1D00098F0B5 /* Add_Tela.storyboard in Resources */ = {isa = PBXBuildFile; fileRef = E35D086A29BDB1D00098F0B5 /* Add_Tela.storyboard */; };
		E35D087129BDB2030098F0B5 /* Mais_Tela.swift in Sources */ = {isa = PBXBuildFile; fileRef = E35D087029BDB2030098F0B5 /* Mais_Tela.swift */; };
		E35D087329BDB20C0098F0B5 /* Mais_Tela.storyboard in Resources */ = {isa = PBXBuildFile; fileRef = E35D087229BDB20C0098F0B5 /* Mais_Tela.storyboard */; };
		E366E3B729E0D8A200F89209 /* Charts.framework in Frameworks */ = {isa = PBXBuildFile; fileRef = E366E3B629E0D8A200F89209 /* Charts.framework */; };
		E366E3B929E0D8A700F89209 /* Algorithms.framework in Frameworks */ = {isa = PBXBuildFile; fileRef = E366E3B829E0D8A700F89209 /* Algorithms.framework */; };
		E3C0915929C21CC900BE4441 /* Metas_VC.swift in Sources */ = {isa = PBXBuildFile; fileRef = E3C0915829C21CC900BE4441 /* Metas_VC.swift */; };
		E3C0915B29C21CD400BE4441 /* Metas_VC.storyboard in Resources */ = {isa = PBXBuildFile; fileRef = E3C0915A29C21CD400BE4441 /* Metas_VC.storyboard */; };
		E3E9089129BFAF1B00B34864 /* RelatoriosVC.swift in Sources */ = {isa = PBXBuildFile; fileRef = E3E9089029BFAF1B00B34864 /* RelatoriosVC.swift */; };
		E3E9089329BFAF2A00B34864 /* RelatoriosVC.storyboard in Resources */ = {isa = PBXBuildFile; fileRef = E3E9089229BFAF2A00B34864 /* RelatoriosVC.storyboard */; };
		E3E9089629BFF95D00B34864 /* Poppins in Resources */ = {isa = PBXBuildFile; fileRef = E3E9089529BFF95D00B34864 /* Poppins */; };
/* End PBXBuildFile section */

/* Begin PBXFileReference section */
		0C974D3A11D911F04F2A9C80 /* Pods-FinanceApp_BackFront.release.xcconfig */ = {isa = PBXFileReference; includeInIndex = 1; lastKnownFileType = text.xcconfig; name = "Pods-FinanceApp_BackFront.release.xcconfig"; path = "Target Support Files/Pods-FinanceApp_BackFront/Pods-FinanceApp_BackFront.release.xcconfig"; sourceTree = "<group>"; };
		692476B1F1F3BEC20C43432B /* Pods-FinanceApp_BackFront.debug.xcconfig */ = {isa = PBXFileReference; includeInIndex = 1; lastKnownFileType = text.xcconfig; name = "Pods-FinanceApp_BackFront.debug.xcconfig"; path = "Target Support Files/Pods-FinanceApp_BackFront/Pods-FinanceApp_BackFront.debug.xcconfig"; sourceTree = "<group>"; };
		851463C049845516B8F4A4A8 /* Pods_FinanceApp_BackFront.framework */ = {isa = PBXFileReference; explicitFileType = wrapper.framework; includeInIndex = 0; path = Pods_FinanceApp_BackFront.framework; sourceTree = BUILT_PRODUCTS_DIR; };
		A14DAE5B29D4E51400714208 /* TabBarController.storyboard */ = {isa = PBXFileReference; lastKnownFileType = file.storyboard; path = TabBarController.storyboard; sourceTree = "<group>"; };
		A14DAE5F29D4E91900714208 /* Registros.storyboard */ = {isa = PBXFileReference; lastKnownFileType = file.storyboard; path = Registros.storyboard; sourceTree = "<group>"; };
		A14DAE6229D4E94200714208 /* Registros.swift */ = {isa = PBXFileReference; lastKnownFileType = sourcecode.swift; path = Registros.swift; sourceTree = "<group>"; };
		A16636EB29DE1A9400162872 /* TransactionsCollectionViewCell.swift */ = {isa = PBXFileReference; lastKnownFileType = sourcecode.swift; path = TransactionsCollectionViewCell.swift; sourceTree = "<group>"; };
		A16636EE29DE33C500162872 /* Transactions.swift */ = {isa = PBXFileReference; lastKnownFileType = sourcecode.swift; path = Transactions.swift; sourceTree = "<group>"; };
		A166B96129DF4BD600F33A98 /* ListedCategories.swift */ = {isa = PBXFileReference; lastKnownFileType = sourcecode.swift; path = ListedCategories.swift; sourceTree = "<group>"; };
		A1C9EFE229E60A7D0029B69F /* SplashScreen.storyboard */ = {isa = PBXFileReference; lastKnownFileType = file.storyboard; path = SplashScreen.storyboard; sourceTree = "<group>"; };
		A1C9EFE429E60A880029B69F /* SplashScreen.swift */ = {isa = PBXFileReference; lastKnownFileType = sourcecode.swift; path = SplashScreen.swift; sourceTree = "<group>"; };
		A1C9EFE629E60BB60029B69F /* MainScreen.swift */ = {isa = PBXFileReference; lastKnownFileType = sourcecode.swift; path = MainScreen.swift; sourceTree = "<group>"; };
		A1C9EFE929E60CF50029B69F /* RegisterScreen.storyboard */ = {isa = PBXFileReference; lastKnownFileType = file.storyboard; path = RegisterScreen.storyboard; sourceTree = "<group>"; };
		A1C9EFEB29E60D080029B69F /* RegisterScreen.swift */ = {isa = PBXFileReference; lastKnownFileType = sourcecode.swift; path = RegisterScreen.swift; sourceTree = "<group>"; };
		A1C9EFEE29E60D7D0029B69F /* LoginScreen.swift */ = {isa = PBXFileReference; lastKnownFileType = sourcecode.swift; path = LoginScreen.swift; sourceTree = "<group>"; };
		A1C9EFF029E60D840029B69F /* LoginScreen.storyboard */ = {isa = PBXFileReference; lastKnownFileType = file.storyboard; path = LoginScreen.storyboard; sourceTree = "<group>"; };
		A1C9EFF229E60E200029B69F /* ErrorScreen.storyboard */ = {isa = PBXFileReference; lastKnownFileType = file.storyboard; path = ErrorScreen.storyboard; sourceTree = "<group>"; };
		A1C9F01D29E64E340029B69F /* TabBarController.swift */ = {isa = PBXFileReference; lastKnownFileType = sourcecode.swift; path = TabBarController.swift; sourceTree = "<group>"; };
		A1E107B229E4E9A6005A3F4F /* AccountsScreen.storyboard */ = {isa = PBXFileReference; lastKnownFileType = file.storyboard; path = AccountsScreen.storyboard; sourceTree = "<group>"; };
		A1E107B629E4EDB9005A3F4F /* AccountsScreen.swift */ = {isa = PBXFileReference; lastKnownFileType = sourcecode.swift; path = AccountsScreen.swift; sourceTree = "<group>"; };
		A1E107BA29E4F426005A3F4F /* CreditCardsScreen.storyboard */ = {isa = PBXFileReference; lastKnownFileType = file.storyboard; path = CreditCardsScreen.storyboard; sourceTree = "<group>"; };
		A1E107BC29E4F432005A3F4F /* CreditCardsScreen.swift */ = {isa = PBXFileReference; lastKnownFileType = sourcecode.swift; path = CreditCardsScreen.swift; sourceTree = "<group>"; };
		A1E107BF29E4F63D005A3F4F /* ProfileScreen.storyboard */ = {isa = PBXFileReference; lastKnownFileType = file.storyboard; path = ProfileScreen.storyboard; sourceTree = "<group>"; };
		A1E107C129E4F646005A3F4F /* ProfileScreen.swift */ = {isa = PBXFileReference; lastKnownFileType = sourcecode.swift; path = ProfileScreen.swift; sourceTree = "<group>"; };
		A1E107C629E4F784005A3F4F /* CurrencyScreen.storyboard */ = {isa = PBXFileReference; lastKnownFileType = file.storyboard; path = CurrencyScreen.storyboard; sourceTree = "<group>"; };
		A1E107C829E4F78F005A3F4F /* CurrencyScreen.swift */ = {isa = PBXFileReference; lastKnownFileType = sourcecode.swift; path = CurrencyScreen.swift; sourceTree = "<group>"; };
		E35D084629BDAD100098F0B5 /* FinanceApp_BackFront.app */ = {isa = PBXFileReference; explicitFileType = wrapper.application; includeInIndex = 0; path = FinanceApp_BackFront.app; sourceTree = BUILT_PRODUCTS_DIR; };
		E35D084929BDAD100098F0B5 /* AppDelegate.swift */ = {isa = PBXFileReference; lastKnownFileType = sourcecode.swift; path = AppDelegate.swift; sourceTree = "<group>"; };
		E35D084B29BDAD100098F0B5 /* SceneDelegate.swift */ = {isa = PBXFileReference; lastKnownFileType = sourcecode.swift; path = SceneDelegate.swift; sourceTree = "<group>"; };
		E35D084D29BDAD100098F0B5 /* ViewController.swift */ = {isa = PBXFileReference; lastKnownFileType = sourcecode.swift; path = ViewController.swift; sourceTree = "<group>"; };
		E35D085029BDAD100098F0B5 /* Base */ = {isa = PBXFileReference; lastKnownFileType = file.storyboard; name = Base; path = Base.lproj/MainScreen.storyboard; sourceTree = "<group>"; };
		E35D085329BDAD100098F0B5 /* FinanceApp_BackFront.xcdatamodel */ = {isa = PBXFileReference; lastKnownFileType = wrapper.xcdatamodel; path = FinanceApp_BackFront.xcdatamodel; sourceTree = "<group>"; };
		E35D085529BDAD110098F0B5 /* Assets.xcassets */ = {isa = PBXFileReference; lastKnownFileType = folder.assetcatalog; path = Assets.xcassets; sourceTree = "<group>"; };
		E35D085829BDAD110098F0B5 /* Base */ = {isa = PBXFileReference; lastKnownFileType = file.storyboard; name = Base; path = Base.lproj/LaunchScreen.storyboard; sourceTree = "<group>"; };
		E35D085A29BDAD110098F0B5 /* Info.plist */ = {isa = PBXFileReference; lastKnownFileType = text.plist.xml; path = Info.plist; sourceTree = "<group>"; };
		E35D086029BDB0310098F0B5 /* Tela_Inicio.swift */ = {isa = PBXFileReference; lastKnownFileType = sourcecode.swift; path = Tela_Inicio.swift; sourceTree = "<group>"; };
		E35D086229BDB03D0098F0B5 /* Tela_Inicio.storyboard */ = {isa = PBXFileReference; lastKnownFileType = file.storyboard; path = Tela_Inicio.storyboard; sourceTree = "<group>"; };
		E35D086829BDB1C60098F0B5 /* Add_Tela.swift */ = {isa = PBXFileReference; lastKnownFileType = sourcecode.swift; path = Add_Tela.swift; sourceTree = "<group>"; };
		E35D086A29BDB1D00098F0B5 /* Add_Tela.storyboard */ = {isa = PBXFileReference; lastKnownFileType = file.storyboard; path = Add_Tela.storyboard; sourceTree = "<group>"; };
		E35D087029BDB2030098F0B5 /* Mais_Tela.swift */ = {isa = PBXFileReference; lastKnownFileType = sourcecode.swift; path = Mais_Tela.swift; sourceTree = "<group>"; };
		E35D087229BDB20C0098F0B5 /* Mais_Tela.storyboard */ = {isa = PBXFileReference; lastKnownFileType = file.storyboard; path = Mais_Tela.storyboard; sourceTree = "<group>"; };
		E366E3B629E0D8A200F89209 /* Charts.framework */ = {isa = PBXFileReference; explicitFileType = wrapper.framework; path = Charts.framework; sourceTree = BUILT_PRODUCTS_DIR; };
		E366E3B829E0D8A700F89209 /* Algorithms.framework */ = {isa = PBXFileReference; explicitFileType = wrapper.framework; path = Algorithms.framework; sourceTree = BUILT_PRODUCTS_DIR; };
		E3C0915829C21CC900BE4441 /* Metas_VC.swift */ = {isa = PBXFileReference; lastKnownFileType = sourcecode.swift; path = Metas_VC.swift; sourceTree = "<group>"; };
		E3C0915A29C21CD400BE4441 /* Metas_VC.storyboard */ = {isa = PBXFileReference; lastKnownFileType = file.storyboard; path = Metas_VC.storyboard; sourceTree = "<group>"; };
		E3E9089029BFAF1B00B34864 /* RelatoriosVC.swift */ = {isa = PBXFileReference; lastKnownFileType = sourcecode.swift; path = RelatoriosVC.swift; sourceTree = "<group>"; };
		E3E9089229BFAF2A00B34864 /* RelatoriosVC.storyboard */ = {isa = PBXFileReference; lastKnownFileType = file.storyboard; path = RelatoriosVC.storyboard; sourceTree = "<group>"; };
		E3E9089529BFF95D00B34864 /* Poppins */ = {isa = PBXFileReference; lastKnownFileType = folder; path = Poppins; sourceTree = "<group>"; };
/* End PBXFileReference section */

/* Begin PBXFrameworksBuildPhase section */
		E35D084329BDAD100098F0B5 /* Frameworks */ = {
			isa = PBXFrameworksBuildPhase;
			buildActionMask = 2147483647;
			files = (
				E366E3B929E0D8A700F89209 /* Algorithms.framework in Frameworks */,
				E366E3B729E0D8A200F89209 /* Charts.framework in Frameworks */,
				77C95F712D80F1F287355889 /* Pods_FinanceApp_BackFront.framework in Frameworks */,
			);
			runOnlyForDeploymentPostprocessing = 0;
		};
/* End PBXFrameworksBuildPhase section */

/* Begin PBXGroup section */
		1A570D5CBF68D44959199050 /* Pods */ = {
			isa = PBXGroup;
			children = (
				692476B1F1F3BEC20C43432B /* Pods-FinanceApp_BackFront.debug.xcconfig */,
				0C974D3A11D911F04F2A9C80 /* Pods-FinanceApp_BackFront.release.xcconfig */,
			);
			path = Pods;
			sourceTree = "<group>";
		};
		A14DAE5D29D4E52000714208 /* Main */ = {
			isa = PBXGroup;
			children = (
				E35D084D29BDAD100098F0B5 /* ViewController.swift */,
				E35D084F29BDAD100098F0B5 /* MainScreen.storyboard */,
				A1C9EFE629E60BB60029B69F /* MainScreen.swift */,
			);
			path = Main;
			sourceTree = "<group>";
		};
		A14DAE5E29D4E53600714208 /* TabBarController */ = {
			isa = PBXGroup;
			children = (
				A14DAE5B29D4E51400714208 /* TabBarController.storyboard */,
				A1C9F01D29E64E340029B69F /* TabBarController.swift */,
			);
			path = TabBarController;
			sourceTree = "<group>";
		};
		A14DAE6129D4E92300714208 /* Registros */ = {
			isa = PBXGroup;
			children = (
				A14DAE5F29D4E91900714208 /* Registros.storyboard */,
				A14DAE6229D4E94200714208 /* Registros.swift */,
				A16636EB29DE1A9400162872 /* TransactionsCollectionViewCell.swift */,
			);
			path = Registros;
			sourceTree = "<group>";
		};
		A16636ED29DE1B0400162872 /* Models */ = {
			isa = PBXGroup;
			children = (
				A16636EE29DE33C500162872 /* Transactions.swift */,
				A166B96129DF4BD600F33A98 /* ListedCategories.swift */,
			);
			path = Models;
			sourceTree = "<group>";
		};
		A16B56A229C1076500E53727 /* Telas */ = {
			isa = PBXGroup;
			children = (
				A1C9EFDC29E607A40029B69F /* SplashScreen */,
				A14DAE5D29D4E52000714208 /* Main */,
				A1C9EFED29E60D620029B69F /* LoginScreen */,
				A1C9EFE829E60CD60029B69F /* RegisterScreen */,
				A14DAE6129D4E92300714208 /* Registros */,
				A14DAE5E29D4E53600714208 /* TabBarController */,
				A16B56A429C1079000E53727 /* Tela_Inicio */,
				A16B56A829C107BC00E53727 /* RelatoriosVC */,
				A16B56A529C1079900E53727 /* Add_Tela */,
				E3C0915729C21C9100BE4441 /* Metas_VC */,
				A16B56A629C107A400E53727 /* Mais_Tela */,
				A1E107B129E4E977005A3F4F /* AccountsScreen */,
				A1E107B929E4F410005A3F4F /* CreditCardsScreen */,
				A1E107C529E4F773005A3F4F /* CurrencyScreen */,
				A1E107BE29E4F628005A3F4F /* ProfileScreen */,
				A1C9F01C29E64DAB0029B69F /* ErrorScreen */,
			);
			path = Telas;
			sourceTree = "<group>";
		};
		A16B56A429C1079000E53727 /* Tela_Inicio */ = {
			isa = PBXGroup;
			children = (
				E35D086029BDB0310098F0B5 /* Tela_Inicio.swift */,
				E35D086229BDB03D0098F0B5 /* Tela_Inicio.storyboard */,
			);
			path = Tela_Inicio;
			sourceTree = "<group>";
		};
		A16B56A529C1079900E53727 /* Add_Tela */ = {
			isa = PBXGroup;
			children = (
				E35D086829BDB1C60098F0B5 /* Add_Tela.swift */,
				E35D086A29BDB1D00098F0B5 /* Add_Tela.storyboard */,
			);
			path = Add_Tela;
			sourceTree = "<group>";
		};
		A16B56A629C107A400E53727 /* Mais_Tela */ = {
			isa = PBXGroup;
			children = (
				E35D087029BDB2030098F0B5 /* Mais_Tela.swift */,
				E35D087229BDB20C0098F0B5 /* Mais_Tela.storyboard */,
			);
			path = Mais_Tela;
			sourceTree = "<group>";
		};
		A16B56A829C107BC00E53727 /* RelatoriosVC */ = {
			isa = PBXGroup;
			children = (
				E3E9089029BFAF1B00B34864 /* RelatoriosVC.swift */,
				E3E9089229BFAF2A00B34864 /* RelatoriosVC.storyboard */,
			);
			path = RelatoriosVC;
			sourceTree = "<group>";
		};
		A1C9EFDC29E607A40029B69F /* SplashScreen */ = {
			isa = PBXGroup;
			children = (
				A1C9EFE229E60A7D0029B69F /* SplashScreen.storyboard */,
				A1C9EFE429E60A880029B69F /* SplashScreen.swift */,
			);
			path = SplashScreen;
			sourceTree = "<group>";
		};
		A1C9EFE829E60CD60029B69F /* RegisterScreen */ = {
			isa = PBXGroup;
			children = (
				A1C9EFE929E60CF50029B69F /* RegisterScreen.storyboard */,
				A1C9EFEB29E60D080029B69F /* RegisterScreen.swift */,
			);
			path = RegisterScreen;
			sourceTree = "<group>";
		};
		A1C9EFED29E60D620029B69F /* LoginScreen */ = {
			isa = PBXGroup;
			children = (
				A1C9EFF029E60D840029B69F /* LoginScreen.storyboard */,
				A1C9EFEE29E60D7D0029B69F /* LoginScreen.swift */,
			);
			path = LoginScreen;
			sourceTree = "<group>";
		};
		A1C9F01C29E64DAB0029B69F /* ErrorScreen */ = {
			isa = PBXGroup;
			children = (
				A1C9EFF229E60E200029B69F /* ErrorScreen.storyboard */,
			);
			path = ErrorScreen;
			sourceTree = "<group>";
		};
		A1E107B129E4E977005A3F4F /* AccountsScreen */ = {
			isa = PBXGroup;
			children = (
				A1E107B229E4E9A6005A3F4F /* AccountsScreen.storyboard */,
				A1E107B629E4EDB9005A3F4F /* AccountsScreen.swift */,
			);
			path = AccountsScreen;
			sourceTree = "<group>";
		};
		A1E107B929E4F410005A3F4F /* CreditCardsScreen */ = {
			isa = PBXGroup;
			children = (
				A1E107BA29E4F426005A3F4F /* CreditCardsScreen.storyboard */,
				A1E107BC29E4F432005A3F4F /* CreditCardsScreen.swift */,
			);
			path = CreditCardsScreen;
			sourceTree = "<group>";
		};
		A1E107BE29E4F628005A3F4F /* ProfileScreen */ = {
			isa = PBXGroup;
			children = (
				A1E107BF29E4F63D005A3F4F /* ProfileScreen.storyboard */,
				A1E107C129E4F646005A3F4F /* ProfileScreen.swift */,
			);
			path = ProfileScreen;
			sourceTree = "<group>";
		};
		A1E107C529E4F773005A3F4F /* CurrencyScreen */ = {
			isa = PBXGroup;
			children = (
				A1E107C629E4F784005A3F4F /* CurrencyScreen.storyboard */,
				A1E107C829E4F78F005A3F4F /* CurrencyScreen.swift */,
			);
			path = CurrencyScreen;
			sourceTree = "<group>";
		};
		B150CEFEE079F7249876CA80 /* Frameworks */ = {
			isa = PBXGroup;
			children = (
				E366E3B829E0D8A700F89209 /* Algorithms.framework */,
				E366E3B629E0D8A200F89209 /* Charts.framework */,
				851463C049845516B8F4A4A8 /* Pods_FinanceApp_BackFront.framework */,
			);
			name = Frameworks;
			sourceTree = "<group>";
		};
		E35D083D29BDAD100098F0B5 = {
			isa = PBXGroup;
			children = (
				E35D084829BDAD100098F0B5 /* FinanceApp_BackFront */,
				E35D084729BDAD100098F0B5 /* Products */,
				1A570D5CBF68D44959199050 /* Pods */,
				B150CEFEE079F7249876CA80 /* Frameworks */,
			);
			sourceTree = "<group>";
		};
		E35D084729BDAD100098F0B5 /* Products */ = {
			isa = PBXGroup;
			children = (
				E35D084629BDAD100098F0B5 /* FinanceApp_BackFront.app */,
			);
			name = Products;
			sourceTree = "<group>";
		};
		E35D084829BDAD100098F0B5 /* FinanceApp_BackFront */ = {
			isa = PBXGroup;
			children = (
				E35D084929BDAD100098F0B5 /* AppDelegate.swift */,
				E35D084B29BDAD100098F0B5 /* SceneDelegate.swift */,
				E35D085529BDAD110098F0B5 /* Assets.xcassets */,
				E35D085729BDAD110098F0B5 /* LaunchScreen.storyboard */,
				E35D085A29BDAD110098F0B5 /* Info.plist */,
				E35D085229BDAD100098F0B5 /* FinanceApp_BackFront.xcdatamodeld */,
				A16B56A229C1076500E53727 /* Telas */,
				A16636ED29DE1B0400162872 /* Models */,
				E3E9089529BFF95D00B34864 /* Poppins */,
			);
			path = FinanceApp_BackFront;
			sourceTree = "<group>";
		};
		E3C0915729C21C9100BE4441 /* Metas_VC */ = {
			isa = PBXGroup;
			children = (
				E3C0915829C21CC900BE4441 /* Metas_VC.swift */,
				E3C0915A29C21CD400BE4441 /* Metas_VC.storyboard */,
			);
			path = Metas_VC;
			sourceTree = "<group>";
		};
/* End PBXGroup section */

/* Begin PBXNativeTarget section */
		E35D084529BDAD100098F0B5 /* FinanceApp_BackFront */ = {
			isa = PBXNativeTarget;
			buildConfigurationList = E35D085D29BDAD110098F0B5 /* Build configuration list for PBXNativeTarget "FinanceApp_BackFront" */;
			buildPhases = (
				508F1C797E342E0395898767 /* [CP] Check Pods Manifest.lock */,
				E35D084229BDAD100098F0B5 /* Sources */,
				E35D084329BDAD100098F0B5 /* Frameworks */,
				E35D084429BDAD100098F0B5 /* Resources */,
				8824D3F8F61A3C561032BE1B /* [CP] Embed Pods Frameworks */,
			);
			buildRules = (
			);
			dependencies = (
			);
			name = FinanceApp_BackFront;
			productName = FinanceApp_BackFront;
			productReference = E35D084629BDAD100098F0B5 /* FinanceApp_BackFront.app */;
			productType = "com.apple.product-type.application";
		};
/* End PBXNativeTarget section */

/* Begin PBXProject section */
		E35D083E29BDAD100098F0B5 /* Project object */ = {
			isa = PBXProject;
			attributes = {
				BuildIndependentTargetsInParallel = 1;
				LastSwiftUpdateCheck = 1420;
				LastUpgradeCheck = 1420;
				TargetAttributes = {
					E35D084529BDAD100098F0B5 = {
						CreatedOnToolsVersion = 14.2;
					};
				};
			};
			buildConfigurationList = E35D084129BDAD100098F0B5 /* Build configuration list for PBXProject "FinanceApp_BackFront" */;
			compatibilityVersion = "Xcode 14.0";
			developmentRegion = en;
			hasScannedForEncodings = 0;
			knownRegions = (
				en,
				Base,
			);
			mainGroup = E35D083D29BDAD100098F0B5;
			productRefGroup = E35D084729BDAD100098F0B5 /* Products */;
			projectDirPath = "";
			projectRoot = "";
			targets = (
				E35D084529BDAD100098F0B5 /* FinanceApp_BackFront */,
			);
		};
/* End PBXProject section */

/* Begin PBXResourcesBuildPhase section */
		E35D084429BDAD100098F0B5 /* Resources */ = {
			isa = PBXResourcesBuildPhase;
			buildActionMask = 2147483647;
			files = (
				A1E107BB29E4F426005A3F4F /* CreditCardsScreen.storyboard in Resources */,
				E35D085929BDAD110098F0B5 /* LaunchScreen.storyboard in Resources */,
				A1E107C729E4F784005A3F4F /* CurrencyScreen.storyboard in Resources */,
				E3C0915B29C21CD400BE4441 /* Metas_VC.storyboard in Resources */,
				A1C9EFF129E60D840029B69F /* LoginScreen.storyboard in Resources */,
				A14DAE6029D4E91900714208 /* Registros.storyboard in Resources */,
				A14DAE5C29D4E51400714208 /* TabBarController.storyboard in Resources */,
				A1E107B329E4E9A6005A3F4F /* AccountsScreen.storyboard in Resources */,
				E35D087329BDB20C0098F0B5 /* Mais_Tela.storyboard in Resources */,
				E3E9089629BFF95D00B34864 /* Poppins in Resources */,
				A1C9EFEA29E60CF50029B69F /* RegisterScreen.storyboard in Resources */,
				A1C9EFE329E60A7D0029B69F /* SplashScreen.storyboard in Resources */,
				E3E9089329BFAF2A00B34864 /* RelatoriosVC.storyboard in Resources */,
				E35D086329BDB03D0098F0B5 /* Tela_Inicio.storyboard in Resources */,
				A1C9EFF329E60E200029B69F /* ErrorScreen.storyboard in Resources */,
				E35D085629BDAD110098F0B5 /* Assets.xcassets in Resources */,
				E35D086B29BDB1D00098F0B5 /* Add_Tela.storyboard in Resources */,
				A1E107C029E4F63D005A3F4F /* ProfileScreen.storyboard in Resources */,
				E35D085129BDAD100098F0B5 /* MainScreen.storyboard in Resources */,
			);
			runOnlyForDeploymentPostprocessing = 0;
		};
/* End PBXResourcesBuildPhase section */

/* Begin PBXShellScriptBuildPhase section */
		508F1C797E342E0395898767 /* [CP] Check Pods Manifest.lock */ = {
			isa = PBXShellScriptBuildPhase;
			buildActionMask = 2147483647;
			files = (
			);
			inputFileListPaths = (
			);
			inputPaths = (
				"${PODS_PODFILE_DIR_PATH}/Podfile.lock",
				"${PODS_ROOT}/Manifest.lock",
			);
			name = "[CP] Check Pods Manifest.lock";
			outputFileListPaths = (
			);
			outputPaths = (
				"$(DERIVED_FILE_DIR)/Pods-FinanceApp_BackFront-checkManifestLockResult.txt",
			);
			runOnlyForDeploymentPostprocessing = 0;
			shellPath = /bin/sh;
			shellScript = "diff \"${PODS_PODFILE_DIR_PATH}/Podfile.lock\" \"${PODS_ROOT}/Manifest.lock\" > /dev/null\nif [ $? != 0 ] ; then\n    # print error to STDERR\n    echo \"error: The sandbox is not in sync with the Podfile.lock. Run 'pod install' or update your CocoaPods installation.\" >&2\n    exit 1\nfi\n# This output is used by Xcode 'outputs' to avoid re-running this script phase.\necho \"SUCCESS\" > \"${SCRIPT_OUTPUT_FILE_0}\"\n";
			showEnvVarsInLog = 0;
		};
		8824D3F8F61A3C561032BE1B /* [CP] Embed Pods Frameworks */ = {
			isa = PBXShellScriptBuildPhase;
			buildActionMask = 2147483647;
			files = (
			);
			inputFileListPaths = (
				"${PODS_ROOT}/Target Support Files/Pods-FinanceApp_BackFront/Pods-FinanceApp_BackFront-frameworks-${CONFIGURATION}-input-files.xcfilelist",
			);
			name = "[CP] Embed Pods Frameworks";
			outputFileListPaths = (
				"${PODS_ROOT}/Target Support Files/Pods-FinanceApp_BackFront/Pods-FinanceApp_BackFront-frameworks-${CONFIGURATION}-output-files.xcfilelist",
			);
			runOnlyForDeploymentPostprocessing = 0;
			shellPath = /bin/sh;
			shellScript = "\"${PODS_ROOT}/Target Support Files/Pods-FinanceApp_BackFront/Pods-FinanceApp_BackFront-frameworks.sh\"\n";
			showEnvVarsInLog = 0;
		};
/* End PBXShellScriptBuildPhase section */

/* Begin PBXSourcesBuildPhase section */
		E35D084229BDAD100098F0B5 /* Sources */ = {
			isa = PBXSourcesBuildPhase;
			buildActionMask = 2147483647;
			files = (
				A1C9EFEC29E60D080029B69F /* RegisterScreen.swift in Sources */,
				E35D084E29BDAD100098F0B5 /* ViewController.swift in Sources */,
				E35D087129BDB2030098F0B5 /* Mais_Tela.swift in Sources */,
				E35D086129BDB0310098F0B5 /* Tela_Inicio.swift in Sources */,
				A1C9F01E29E64E340029B69F /* TabBarController.swift in Sources */,
				E35D085429BDAD100098F0B5 /* FinanceApp_BackFront.xcdatamodeld in Sources */,
				A1E107C929E4F78F005A3F4F /* CurrencyScreen.swift in Sources */,
				E3C0915929C21CC900BE4441 /* Metas_VC.swift in Sources */,
				E35D086929BDB1C60098F0B5 /* Add_Tela.swift in Sources */,
				A1E107C229E4F646005A3F4F /* ProfileScreen.swift in Sources */,
				A166B96229DF4BD600F33A98 /* ListedCategories.swift in Sources */,
				E35D084A29BDAD100098F0B5 /* AppDelegate.swift in Sources */,
				A1C9EFEF29E60D7D0029B69F /* LoginScreen.swift in Sources */,
				A16636EC29DE1A9400162872 /* TransactionsCollectionViewCell.swift in Sources */,
				A14DAE6329D4E94200714208 /* Registros.swift in Sources */,
				A1E107BD29E4F432005A3F4F /* CreditCardsScreen.swift in Sources */,
				E3E9089129BFAF1B00B34864 /* RelatoriosVC.swift in Sources */,
				A16636EF29DE33C500162872 /* Transactions.swift in Sources */,
				A1C9EFE529E60A880029B69F /* SplashScreen.swift in Sources */,
				E35D084C29BDAD100098F0B5 /* SceneDelegate.swift in Sources */,
				A1C9EFE729E60BB60029B69F /* MainScreen.swift in Sources */,
				A1E107B729E4EDB9005A3F4F /* AccountsScreen.swift in Sources */,
			);
			runOnlyForDeploymentPostprocessing = 0;
		};
/* End PBXSourcesBuildPhase section */

/* Begin PBXVariantGroup section */
		E35D084F29BDAD100098F0B5 /* MainScreen.storyboard */ = {
			isa = PBXVariantGroup;
			children = (
				E35D085029BDAD100098F0B5 /* Base */,
			);
			name = MainScreen.storyboard;
			sourceTree = "<group>";
		};
		E35D085729BDAD110098F0B5 /* LaunchScreen.storyboard */ = {
			isa = PBXVariantGroup;
			children = (
				E35D085829BDAD110098F0B5 /* Base */,
			);
			name = LaunchScreen.storyboard;
			sourceTree = "<group>";
		};
/* End PBXVariantGroup section */

/* Begin XCBuildConfiguration section */
		E35D085B29BDAD110098F0B5 /* Debug */ = {
			isa = XCBuildConfiguration;
			buildSettings = {
				ALWAYS_SEARCH_USER_PATHS = NO;
				CLANG_ANALYZER_NONNULL = YES;
				CLANG_ANALYZER_NUMBER_OBJECT_CONVERSION = YES_AGGRESSIVE;
				CLANG_CXX_LANGUAGE_STANDARD = "gnu++20";
				CLANG_ENABLE_MODULES = YES;
				CLANG_ENABLE_OBJC_ARC = YES;
				CLANG_ENABLE_OBJC_WEAK = YES;
				CLANG_WARN_BLOCK_CAPTURE_AUTORELEASING = YES;
				CLANG_WARN_BOOL_CONVERSION = YES;
				CLANG_WARN_COMMA = YES;
				CLANG_WARN_CONSTANT_CONVERSION = YES;
				CLANG_WARN_DEPRECATED_OBJC_IMPLEMENTATIONS = YES;
				CLANG_WARN_DIRECT_OBJC_ISA_USAGE = YES_ERROR;
				CLANG_WARN_DOCUMENTATION_COMMENTS = YES;
				CLANG_WARN_EMPTY_BODY = YES;
				CLANG_WARN_ENUM_CONVERSION = YES;
				CLANG_WARN_INFINITE_RECURSION = YES;
				CLANG_WARN_INT_CONVERSION = YES;
				CLANG_WARN_NON_LITERAL_NULL_CONVERSION = YES;
				CLANG_WARN_OBJC_IMPLICIT_RETAIN_SELF = YES;
				CLANG_WARN_OBJC_LITERAL_CONVERSION = YES;
				CLANG_WARN_OBJC_ROOT_CLASS = YES_ERROR;
				CLANG_WARN_QUOTED_INCLUDE_IN_FRAMEWORK_HEADER = YES;
				CLANG_WARN_RANGE_LOOP_ANALYSIS = YES;
				CLANG_WARN_STRICT_PROTOTYPES = YES;
				CLANG_WARN_SUSPICIOUS_MOVE = YES;
				CLANG_WARN_UNGUARDED_AVAILABILITY = YES_AGGRESSIVE;
				CLANG_WARN_UNREACHABLE_CODE = YES;
				CLANG_WARN__DUPLICATE_METHOD_MATCH = YES;
				COPY_PHASE_STRIP = NO;
				DEBUG_INFORMATION_FORMAT = dwarf;
				ENABLE_STRICT_OBJC_MSGSEND = YES;
				ENABLE_TESTABILITY = YES;
				GCC_C_LANGUAGE_STANDARD = gnu11;
				GCC_DYNAMIC_NO_PIC = NO;
				GCC_NO_COMMON_BLOCKS = YES;
				GCC_OPTIMIZATION_LEVEL = 0;
				GCC_PREPROCESSOR_DEFINITIONS = (
					"DEBUG=1",
					"$(inherited)",
				);
				GCC_WARN_64_TO_32_BIT_CONVERSION = YES;
				GCC_WARN_ABOUT_RETURN_TYPE = YES_ERROR;
				GCC_WARN_UNDECLARED_SELECTOR = YES;
				GCC_WARN_UNINITIALIZED_AUTOS = YES_AGGRESSIVE;
				GCC_WARN_UNUSED_FUNCTION = YES;
				GCC_WARN_UNUSED_VARIABLE = YES;
				IPHONEOS_DEPLOYMENT_TARGET = 16.2;
				MTL_ENABLE_DEBUG_INFO = INCLUDE_SOURCE;
				MTL_FAST_MATH = YES;
				ONLY_ACTIVE_ARCH = YES;
				SDKROOT = iphoneos;
				SWIFT_ACTIVE_COMPILATION_CONDITIONS = DEBUG;
				SWIFT_OPTIMIZATION_LEVEL = "-Onone";
			};
			name = Debug;
		};
		E35D085C29BDAD110098F0B5 /* Release */ = {
			isa = XCBuildConfiguration;
			buildSettings = {
				ALWAYS_SEARCH_USER_PATHS = NO;
				CLANG_ANALYZER_NONNULL = YES;
				CLANG_ANALYZER_NUMBER_OBJECT_CONVERSION = YES_AGGRESSIVE;
				CLANG_CXX_LANGUAGE_STANDARD = "gnu++20";
				CLANG_ENABLE_MODULES = YES;
				CLANG_ENABLE_OBJC_ARC = YES;
				CLANG_ENABLE_OBJC_WEAK = YES;
				CLANG_WARN_BLOCK_CAPTURE_AUTORELEASING = YES;
				CLANG_WARN_BOOL_CONVERSION = YES;
				CLANG_WARN_COMMA = YES;
				CLANG_WARN_CONSTANT_CONVERSION = YES;
				CLANG_WARN_DEPRECATED_OBJC_IMPLEMENTATIONS = YES;
				CLANG_WARN_DIRECT_OBJC_ISA_USAGE = YES_ERROR;
				CLANG_WARN_DOCUMENTATION_COMMENTS = YES;
				CLANG_WARN_EMPTY_BODY = YES;
				CLANG_WARN_ENUM_CONVERSION = YES;
				CLANG_WARN_INFINITE_RECURSION = YES;
				CLANG_WARN_INT_CONVERSION = YES;
				CLANG_WARN_NON_LITERAL_NULL_CONVERSION = YES;
				CLANG_WARN_OBJC_IMPLICIT_RETAIN_SELF = YES;
				CLANG_WARN_OBJC_LITERAL_CONVERSION = YES;
				CLANG_WARN_OBJC_ROOT_CLASS = YES_ERROR;
				CLANG_WARN_QUOTED_INCLUDE_IN_FRAMEWORK_HEADER = YES;
				CLANG_WARN_RANGE_LOOP_ANALYSIS = YES;
				CLANG_WARN_STRICT_PROTOTYPES = YES;
				CLANG_WARN_SUSPICIOUS_MOVE = YES;
				CLANG_WARN_UNGUARDED_AVAILABILITY = YES_AGGRESSIVE;
				CLANG_WARN_UNREACHABLE_CODE = YES;
				CLANG_WARN__DUPLICATE_METHOD_MATCH = YES;
				COPY_PHASE_STRIP = NO;
				DEBUG_INFORMATION_FORMAT = "dwarf-with-dsym";
				ENABLE_NS_ASSERTIONS = NO;
				ENABLE_STRICT_OBJC_MSGSEND = YES;
				GCC_C_LANGUAGE_STANDARD = gnu11;
				GCC_NO_COMMON_BLOCKS = YES;
				GCC_WARN_64_TO_32_BIT_CONVERSION = YES;
				GCC_WARN_ABOUT_RETURN_TYPE = YES_ERROR;
				GCC_WARN_UNDECLARED_SELECTOR = YES;
				GCC_WARN_UNINITIALIZED_AUTOS = YES_AGGRESSIVE;
				GCC_WARN_UNUSED_FUNCTION = YES;
				GCC_WARN_UNUSED_VARIABLE = YES;
				IPHONEOS_DEPLOYMENT_TARGET = 16.2;
				MTL_ENABLE_DEBUG_INFO = NO;
				MTL_FAST_MATH = YES;
				SDKROOT = iphoneos;
				SWIFT_COMPILATION_MODE = wholemodule;
				SWIFT_OPTIMIZATION_LEVEL = "-O";
				VALIDATE_PRODUCT = YES;
			};
			name = Release;
		};
		E35D085E29BDAD110098F0B5 /* Debug */ = {
			isa = XCBuildConfiguration;
			baseConfigurationReference = 692476B1F1F3BEC20C43432B /* Pods-FinanceApp_BackFront.debug.xcconfig */;
			buildSettings = {
				ASSETCATALOG_COMPILER_APPICON_NAME = AppIcon;
				ASSETCATALOG_COMPILER_GLOBAL_ACCENT_COLOR_NAME = AccentColor;
				CODE_SIGN_STYLE = Automatic;
				CURRENT_PROJECT_VERSION = 1;
				GENERATE_INFOPLIST_FILE = YES;
				INFOPLIST_FILE = FinanceApp_BackFront/Info.plist;
				INFOPLIST_KEY_UIApplicationSupportsIndirectInputEvents = YES;
				INFOPLIST_KEY_UILaunchStoryboardName = LaunchScreen;
				INFOPLIST_KEY_UIMainStoryboardFile = SplashScreen;
				INFOPLIST_KEY_UISupportedInterfaceOrientations = UIInterfaceOrientationPortrait;
				INFOPLIST_KEY_UISupportedInterfaceOrientations_iPad = "UIInterfaceOrientationPortrait UIInterfaceOrientationPortraitUpsideDown";
				IPHONEOS_DEPLOYMENT_TARGET = 16.0;
				LD_RUNPATH_SEARCH_PATHS = (
					"$(inherited)",
					"@executable_path/Frameworks",
				);
				MARKETING_VERSION = 1.0;
				PRODUCT_BUNDLE_IDENTIFIER = "com.yurialencar.FinanceApp-BackFront";
				PRODUCT_NAME = "$(TARGET_NAME)";
				SWIFT_EMIT_LOC_STRINGS = YES;
				SWIFT_VERSION = 5.0;
				TARGETED_DEVICE_FAMILY = "1,2";
			};
			name = Debug;
		};
		E35D085F29BDAD110098F0B5 /* Release */ = {
			isa = XCBuildConfiguration;
			baseConfigurationReference = 0C974D3A11D911F04F2A9C80 /* Pods-FinanceApp_BackFront.release.xcconfig */;
			buildSettings = {
				ASSETCATALOG_COMPILER_APPICON_NAME = AppIcon;
				ASSETCATALOG_COMPILER_GLOBAL_ACCENT_COLOR_NAME = AccentColor;
				CODE_SIGN_STYLE = Automatic;
				CURRENT_PROJECT_VERSION = 1;
				GENERATE_INFOPLIST_FILE = YES;
				INFOPLIST_FILE = FinanceApp_BackFront/Info.plist;
				INFOPLIST_KEY_UIApplicationSupportsIndirectInputEvents = YES;
				INFOPLIST_KEY_UILaunchStoryboardName = LaunchScreen;
				INFOPLIST_KEY_UIMainStoryboardFile = SplashScreen;
				INFOPLIST_KEY_UISupportedInterfaceOrientations = UIInterfaceOrientationPortrait;
				INFOPLIST_KEY_UISupportedInterfaceOrientations_iPad = "UIInterfaceOrientationPortrait UIInterfaceOrientationPortraitUpsideDown";
				IPHONEOS_DEPLOYMENT_TARGET = 16.0;
				LD_RUNPATH_SEARCH_PATHS = (
					"$(inherited)",
					"@executable_path/Frameworks",
				);
				MARKETING_VERSION = 1.0;
				PRODUCT_BUNDLE_IDENTIFIER = "com.yurialencar.FinanceApp-BackFront";
				PRODUCT_NAME = "$(TARGET_NAME)";
				SWIFT_EMIT_LOC_STRINGS = YES;
				SWIFT_VERSION = 5.0;
				TARGETED_DEVICE_FAMILY = "1,2";
			};
			name = Release;
		};
/* End XCBuildConfiguration section */

/* Begin XCConfigurationList section */
		E35D084129BDAD100098F0B5 /* Build configuration list for PBXProject "FinanceApp_BackFront" */ = {
			isa = XCConfigurationList;
			buildConfigurations = (
				E35D085B29BDAD110098F0B5 /* Debug */,
				E35D085C29BDAD110098F0B5 /* Release */,
			);
			defaultConfigurationIsVisible = 0;
			defaultConfigurationName = Release;
		};
		E35D085D29BDAD110098F0B5 /* Build configuration list for PBXNativeTarget "FinanceApp_BackFront" */ = {
			isa = XCConfigurationList;
			buildConfigurations = (
				E35D085E29BDAD110098F0B5 /* Debug */,
				E35D085F29BDAD110098F0B5 /* Release */,
			);
			defaultConfigurationIsVisible = 0;
			defaultConfigurationName = Release;
		};
/* End XCConfigurationList section */

/* Begin XCVersionGroup section */
		E35D085229BDAD100098F0B5 /* FinanceApp_BackFront.xcdatamodeld */ = {
			isa = XCVersionGroup;
			children = (
				E35D085329BDAD100098F0B5 /* FinanceApp_BackFront.xcdatamodel */,
			);
			currentVersion = E35D085329BDAD100098F0B5 /* FinanceApp_BackFront.xcdatamodel */;
			path = FinanceApp_BackFront.xcdatamodeld;
			sourceTree = "<group>";
			versionGroupType = wrapper.xcdatamodel;
		};
/* End XCVersionGroup section */
	};
	rootObject = E35D083E29BDAD100098F0B5 /* Project object */;
}
