// !$*UTF8*$!
{
	archiveVersion = 1;
	classes = {
	};
	objectVersion = 56;
	objects = {

/* Begin PBXBuildFile section */
		77C95F712D80F1F287355889 /* Pods_FinanceApp_BackFront.framework in Frameworks */ = {isa = PBXBuildFile; fileRef = 851463C049845516B8F4A4A8 /* Pods_FinanceApp_BackFront.framework */; };
		A11BDA7229F4C04A006CF6B2 /* BankAccount.swift in Sources */ = {isa = PBXBuildFile; fileRef = A11BDA7129F4C04A006CF6B2 /* BankAccount.swift */; };
		A11BDA7429F4C173006CF6B2 /* Banks.swift in Sources */ = {isa = PBXBuildFile; fileRef = A11BDA7329F4C173006CF6B2 /* Banks.swift */; };
		A11BDA7629F4C24B006CF6B2 /* CreditCard.swift in Sources */ = {isa = PBXBuildFile; fileRef = A11BDA7529F4C24B006CF6B2 /* CreditCard.swift */; };
		A11BDA7829F4C478006CF6B2 /* CardBrand.swift in Sources */ = {isa = PBXBuildFile; fileRef = A11BDA7729F4C478006CF6B2 /* CardBrand.swift */; };
		A11BDA7B29F4C4A3006CF6B2 /* TransactionType.swift in Sources */ = {isa = PBXBuildFile; fileRef = A11BDA7A29F4C4A3006CF6B2 /* TransactionType.swift */; };
		A11BDA7D29F4CC55006CF6B2 /* AccountsModalScreen.storyboard in Resources */ = {isa = PBXBuildFile; fileRef = A11BDA7C29F4CC55006CF6B2 /* AccountsModalScreen.storyboard */; };
		A11BDA8029F4CC7E006CF6B2 /* AccountsModalScreen.swift in Sources */ = {isa = PBXBuildFile; fileRef = A11BDA7F29F4CC7E006CF6B2 /* AccountsModalScreen.swift */; };
		A11BDA8629F4CFB6006CF6B2 /* AccountsTableViewCell.swift in Sources */ = {isa = PBXBuildFile; fileRef = A11BDA8429F4CFB6006CF6B2 /* AccountsTableViewCell.swift */; };
		A11BDA8729F4CFB6006CF6B2 /* AccountsTableViewCell.xib in Resources */ = {isa = PBXBuildFile; fileRef = A11BDA8529F4CFB6006CF6B2 /* AccountsTableViewCell.xib */; };
		A140933D29E6EC3D0037662B /* CategoriesSum.swift in Sources */ = {isa = PBXBuildFile; fileRef = A140933C29E6EC3D0037662B /* CategoriesSum.swift */; };
		A140934229E73ACA0037662B /* RegisterIncomeScreen.storyboard in Resources */ = {isa = PBXBuildFile; fileRef = A140934129E73ACA0037662B /* RegisterIncomeScreen.storyboard */; };
		A140934429E73AD20037662B /* RegisterIncomeScreen.swift in Sources */ = {isa = PBXBuildFile; fileRef = A140934329E73AD20037662B /* RegisterIncomeScreen.swift */; };
		A140934629E73B750037662B /* RegisterExpenseScreen.storyboard in Resources */ = {isa = PBXBuildFile; fileRef = A140934529E73B750037662B /* RegisterExpenseScreen.storyboard */; };
		A140934A29E73BCC0037662B /* RegisterCardExpScreen.storyboard in Resources */ = {isa = PBXBuildFile; fileRef = A140934929E73BCC0037662B /* RegisterCardExpScreen.storyboard */; };
		A140934C29E73BD30037662B /* RegisterCardExpScreen.swift in Sources */ = {isa = PBXBuildFile; fileRef = A140934B29E73BD30037662B /* RegisterCardExpScreen.swift */; };
		A140934F29E7625A0037662B /* AddTrasactionsViewModel.swift in Sources */ = {isa = PBXBuildFile; fileRef = A140934E29E7625A0037662B /* AddTrasactionsViewModel.swift */; };
		A140935129E772720037662B /* RegisterExpenseScreen.swift in Sources */ = {isa = PBXBuildFile; fileRef = A140935029E772720037662B /* RegisterExpenseScreen.swift */; };
		A14DAE5C29D4E51400714208 /* TabBarController.storyboard in Resources */ = {isa = PBXBuildFile; fileRef = A14DAE5B29D4E51400714208 /* TabBarController.storyboard */; };
		A14DAE6029D4E91900714208 /* TransactionsScreen.storyboard in Resources */ = {isa = PBXBuildFile; fileRef = A14DAE5F29D4E91900714208 /* TransactionsScreen.storyboard */; };
		A14DAE6329D4E94200714208 /* TransactionsScreen.swift in Sources */ = {isa = PBXBuildFile; fileRef = A14DAE6229D4E94200714208 /* TransactionsScreen.swift */; };
		A16636EC29DE1A9400162872 /* TransactionsCollectionViewCell.swift in Sources */ = {isa = PBXBuildFile; fileRef = A16636EB29DE1A9400162872 /* TransactionsCollectionViewCell.swift */; };
		A16636EF29DE33C500162872 /* Transactions.swift in Sources */ = {isa = PBXBuildFile; fileRef = A16636EE29DE33C500162872 /* Transactions.swift */; };
		A16688E929F06E8600568217 /* HomeViewModel.swift in Sources */ = {isa = PBXBuildFile; fileRef = A16688E829F06E8600568217 /* HomeViewModel.swift */; };
		A16688EB29F08CF600568217 /* BalanceValues.swift in Sources */ = {isa = PBXBuildFile; fileRef = A16688EA29F08CF600568217 /* BalanceValues.swift */; };
		A16688F929F0B32900568217 /* TransactionsCollectionViewCell.xib in Resources */ = {isa = PBXBuildFile; fileRef = A16688F729F0B32900568217 /* TransactionsCollectionViewCell.xib */; };
		A16688FC29F17E5200568217 /* TransactionsViewModel.swift in Sources */ = {isa = PBXBuildFile; fileRef = A16688FB29F17E5200568217 /* TransactionsViewModel.swift */; };
		A166B96229DF4BD600F33A98 /* ListedCategories.swift in Sources */ = {isa = PBXBuildFile; fileRef = A166B96129DF4BD600F33A98 /* ListedCategories.swift */; };
		A189A39929F58A4700C22A6D /* BankColors.swift in Sources */ = {isa = PBXBuildFile; fileRef = A189A39829F58A4700C22A6D /* BankColors.swift */; };
		A1A92BB429F8122A00E14EE8 /* CreditCardModalScreen.storyboard in Resources */ = {isa = PBXBuildFile; fileRef = A1A92BB329F8122A00E14EE8 /* CreditCardModalScreen.storyboard */; };
		A1A92BB729F8124400E14EE8 /* CreditCardModalScreen.swift in Sources */ = {isa = PBXBuildFile; fileRef = A1A92BB629F8124400E14EE8 /* CreditCardModalScreen.swift */; };
		A1A92BBF29F812B600E14EE8 /* CreditCardModalCell.swift in Sources */ = {isa = PBXBuildFile; fileRef = A1A92BBD29F812B600E14EE8 /* CreditCardModalCell.swift */; };
		A1A92BC029F812B600E14EE8 /* CreditCardModalCell.xib in Resources */ = {isa = PBXBuildFile; fileRef = A1A92BBE29F812B600E14EE8 /* CreditCardModalCell.xib */; };
		A1A92BC429F81C1D00E14EE8 /* RegisterCardExpViewModel.swift in Sources */ = {isa = PBXBuildFile; fileRef = A1A92BC329F81C1D00E14EE8 /* RegisterCardExpViewModel.swift */; };
		A1A92BC629F81D6200E14EE8 /* CreditCardExpenses.swift in Sources */ = {isa = PBXBuildFile; fileRef = A1A92BC529F81D6200E14EE8 /* CreditCardExpenses.swift */; };
		A1C9EFE329E60A7D0029B69F /* SplashScreen.storyboard in Resources */ = {isa = PBXBuildFile; fileRef = A1C9EFE229E60A7D0029B69F /* SplashScreen.storyboard */; };
		A1C9EFE529E60A880029B69F /* SplashScreen.swift in Sources */ = {isa = PBXBuildFile; fileRef = A1C9EFE429E60A880029B69F /* SplashScreen.swift */; };
		A1C9EFE729E60BB60029B69F /* MainScreen.swift in Sources */ = {isa = PBXBuildFile; fileRef = A1C9EFE629E60BB60029B69F /* MainScreen.swift */; };
		A1C9EFEA29E60CF50029B69F /* RegisterScreen.storyboard in Resources */ = {isa = PBXBuildFile; fileRef = A1C9EFE929E60CF50029B69F /* RegisterScreen.storyboard */; };
		A1C9EFEC29E60D080029B69F /* RegisterScreen.swift in Sources */ = {isa = PBXBuildFile; fileRef = A1C9EFEB29E60D080029B69F /* RegisterScreen.swift */; };
		A1C9EFEF29E60D7D0029B69F /* LoginScreen.swift in Sources */ = {isa = PBXBuildFile; fileRef = A1C9EFEE29E60D7D0029B69F /* LoginScreen.swift */; };
		A1C9EFF129E60D840029B69F /* LoginScreen.storyboard in Resources */ = {isa = PBXBuildFile; fileRef = A1C9EFF029E60D840029B69F /* LoginScreen.storyboard */; };
		A1C9EFF329E60E200029B69F /* ErrorScreen.storyboard in Resources */ = {isa = PBXBuildFile; fileRef = A1C9EFF229E60E200029B69F /* ErrorScreen.storyboard */; };
		A1C9F01E29E64E340029B69F /* TabBarController.swift in Sources */ = {isa = PBXBuildFile; fileRef = A1C9F01D29E64E340029B69F /* TabBarController.swift */; };
		A1D2F84729E99A2600DCA6E4 /* CategoriesModalScreen.storyboard in Resources */ = {isa = PBXBuildFile; fileRef = A1D2F84629E99A2600DCA6E4 /* CategoriesModalScreen.storyboard */; };
		A1D2F84929E99A3100DCA6E4 /* CategoriesModalScreen.swift in Sources */ = {isa = PBXBuildFile; fileRef = A1D2F84829E99A3100DCA6E4 /* CategoriesModalScreen.swift */; };
		A1D2F84D29E9E5B100DCA6E4 /* CategoriesModalCell.swift in Sources */ = {isa = PBXBuildFile; fileRef = A1D2F84B29E9E5B100DCA6E4 /* CategoriesModalCell.swift */; };
		A1D2F84E29E9E5B100DCA6E4 /* CategoriesModalCell.xib in Resources */ = {isa = PBXBuildFile; fileRef = A1D2F84C29E9E5B100DCA6E4 /* CategoriesModalCell.xib */; };
		A1E107B329E4E9A6005A3F4F /* AccountsScreen.storyboard in Resources */ = {isa = PBXBuildFile; fileRef = A1E107B229E4E9A6005A3F4F /* AccountsScreen.storyboard */; };
		A1E107B729E4EDB9005A3F4F /* AccountsScreen.swift in Sources */ = {isa = PBXBuildFile; fileRef = A1E107B629E4EDB9005A3F4F /* AccountsScreen.swift */; };
		A1E107BB29E4F426005A3F4F /* CreditCardsScreen.storyboard in Resources */ = {isa = PBXBuildFile; fileRef = A1E107BA29E4F426005A3F4F /* CreditCardsScreen.storyboard */; };
		A1E107BD29E4F432005A3F4F /* CreditCardsScreen.swift in Sources */ = {isa = PBXBuildFile; fileRef = A1E107BC29E4F432005A3F4F /* CreditCardsScreen.swift */; };
		A1E107C029E4F63D005A3F4F /* ProfileScreen.storyboard in Resources */ = {isa = PBXBuildFile; fileRef = A1E107BF29E4F63D005A3F4F /* ProfileScreen.storyboard */; };
		A1E107C229E4F646005A3F4F /* ProfileScreen.swift in Sources */ = {isa = PBXBuildFile; fileRef = A1E107C129E4F646005A3F4F /* ProfileScreen.swift */; };
		A1E107C729E4F784005A3F4F /* CurrencyScreen.storyboard in Resources */ = {isa = PBXBuildFile; fileRef = A1E107C629E4F784005A3F4F /* CurrencyScreen.storyboard */; };
		A1E107C929E4F78F005A3F4F /* CurrencyScreen.swift in Sources */ = {isa = PBXBuildFile; fileRef = A1E107C829E4F78F005A3F4F /* CurrencyScreen.swift */; };
		A1F4210329F6215B005C346B /* AccountsModalViewModel.swift in Sources */ = {isa = PBXBuildFile; fileRef = A1F4210229F6215B005C346B /* AccountsModalViewModel.swift */; };
		A1F4210829F62379005C346B /* CategoriesModalViewModel.swift in Sources */ = {isa = PBXBuildFile; fileRef = A1F4210729F62379005C346B /* CategoriesModalViewModel.swift */; };
		E35D084A29BDAD100098F0B5 /* AppDelegate.swift in Sources */ = {isa = PBXBuildFile; fileRef = E35D084929BDAD100098F0B5 /* AppDelegate.swift */; };
		E35D084C29BDAD100098F0B5 /* SceneDelegate.swift in Sources */ = {isa = PBXBuildFile; fileRef = E35D084B29BDAD100098F0B5 /* SceneDelegate.swift */; };
		E35D084E29BDAD100098F0B5 /* ViewController.swift in Sources */ = {isa = PBXBuildFile; fileRef = E35D084D29BDAD100098F0B5 /* ViewController.swift */; };
		E35D085129BDAD100098F0B5 /* MainScreen.storyboard in Resources */ = {isa = PBXBuildFile; fileRef = E35D084F29BDAD100098F0B5 /* MainScreen.storyboard */; };
		E35D085429BDAD100098F0B5 /* FinanceApp_BackFront.xcdatamodeld in Sources */ = {isa = PBXBuildFile; fileRef = E35D085229BDAD100098F0B5 /* FinanceApp_BackFront.xcdatamodeld */; };
		E35D085629BDAD110098F0B5 /* Assets.xcassets in Resources */ = {isa = PBXBuildFile; fileRef = E35D085529BDAD110098F0B5 /* Assets.xcassets */; };
		E35D085929BDAD110098F0B5 /* LaunchScreen.storyboard in Resources */ = {isa = PBXBuildFile; fileRef = E35D085729BDAD110098F0B5 /* LaunchScreen.storyboard */; };
		E35D086129BDB0310098F0B5 /* HomeScreen.swift in Sources */ = {isa = PBXBuildFile; fileRef = E35D086029BDB0310098F0B5 /* HomeScreen.swift */; };
		E35D086329BDB03D0098F0B5 /* HomeScreen.storyboard in Resources */ = {isa = PBXBuildFile; fileRef = E35D086229BDB03D0098F0B5 /* HomeScreen.storyboard */; };
		E35D086929BDB1C60098F0B5 /* AddTransactionScreen.swift in Sources */ = {isa = PBXBuildFile; fileRef = E35D086829BDB1C60098F0B5 /* AddTransactionScreen.swift */; };
		E35D086B29BDB1D00098F0B5 /* AddTransactionScreen.storyboard in Resources */ = {isa = PBXBuildFile; fileRef = E35D086A29BDB1D00098F0B5 /* AddTransactionScreen.storyboard */; };
		E35D087129BDB2030098F0B5 /* MoreOptionsScreen.swift in Sources */ = {isa = PBXBuildFile; fileRef = E35D087029BDB2030098F0B5 /* MoreOptionsScreen.swift */; };
		E35D087329BDB20C0098F0B5 /* MoreOptionsScreen.storyboard in Resources */ = {isa = PBXBuildFile; fileRef = E35D087229BDB20C0098F0B5 /* MoreOptionsScreen.storyboard */; };
		E366E3B729E0D8A200F89209 /* Charts.framework in Frameworks */ = {isa = PBXBuildFile; fileRef = E366E3B629E0D8A200F89209 /* Charts.framework */; };
		E366E3B929E0D8A700F89209 /* Algorithms.framework in Frameworks */ = {isa = PBXBuildFile; fileRef = E366E3B829E0D8A700F89209 /* Algorithms.framework */; };
		E3C0915929C21CC900BE4441 /* GoalsScreen.swift in Sources */ = {isa = PBXBuildFile; fileRef = E3C0915829C21CC900BE4441 /* GoalsScreen.swift */; };
		E3C0915B29C21CD400BE4441 /* GoalsScreen.storyboard in Resources */ = {isa = PBXBuildFile; fileRef = E3C0915A29C21CD400BE4441 /* GoalsScreen.storyboard */; };
		E3E9089129BFAF1B00B34864 /* CategoriesGraphScreen.swift in Sources */ = {isa = PBXBuildFile; fileRef = E3E9089029BFAF1B00B34864 /* CategoriesGraphScreen.swift */; };
		E3E9089329BFAF2A00B34864 /* CategoriesGraphScreen.storyboard in Resources */ = {isa = PBXBuildFile; fileRef = E3E9089229BFAF2A00B34864 /* CategoriesGraphScreen.storyboard */; };
		E3E9089629BFF95D00B34864 /* Poppins in Resources */ = {isa = PBXBuildFile; fileRef = E3E9089529BFF95D00B34864 /* Poppins */; };
/* End PBXBuildFile section */

/* Begin PBXFileReference section */
		0C974D3A11D911F04F2A9C80 /* Pods-FinanceApp_BackFront.release.xcconfig */ = {isa = PBXFileReference; includeInIndex = 1; lastKnownFileType = text.xcconfig; name = "Pods-FinanceApp_BackFront.release.xcconfig"; path = "Target Support Files/Pods-FinanceApp_BackFront/Pods-FinanceApp_BackFront.release.xcconfig"; sourceTree = "<group>"; };
		692476B1F1F3BEC20C43432B /* Pods-FinanceApp_BackFront.debug.xcconfig */ = {isa = PBXFileReference; includeInIndex = 1; lastKnownFileType = text.xcconfig; name = "Pods-FinanceApp_BackFront.debug.xcconfig"; path = "Target Support Files/Pods-FinanceApp_BackFront/Pods-FinanceApp_BackFront.debug.xcconfig"; sourceTree = "<group>"; };
		851463C049845516B8F4A4A8 /* Pods_FinanceApp_BackFront.framework */ = {isa = PBXFileReference; explicitFileType = wrapper.framework; includeInIndex = 0; path = Pods_FinanceApp_BackFront.framework; sourceTree = BUILT_PRODUCTS_DIR; };
		A11BDA7129F4C04A006CF6B2 /* BankAccount.swift */ = {isa = PBXFileReference; lastKnownFileType = sourcecode.swift; path = BankAccount.swift; sourceTree = "<group>"; };
		A11BDA7329F4C173006CF6B2 /* Banks.swift */ = {isa = PBXFileReference; lastKnownFileType = sourcecode.swift; path = Banks.swift; sourceTree = "<group>"; };
		A11BDA7529F4C24B006CF6B2 /* CreditCard.swift */ = {isa = PBXFileReference; lastKnownFileType = sourcecode.swift; path = CreditCard.swift; sourceTree = "<group>"; };
		A11BDA7729F4C478006CF6B2 /* CardBrand.swift */ = {isa = PBXFileReference; lastKnownFileType = sourcecode.swift; path = CardBrand.swift; sourceTree = "<group>"; };
		A11BDA7A29F4C4A3006CF6B2 /* TransactionType.swift */ = {isa = PBXFileReference; lastKnownFileType = sourcecode.swift; path = TransactionType.swift; sourceTree = "<group>"; };
		A11BDA7C29F4CC55006CF6B2 /* AccountsModalScreen.storyboard */ = {isa = PBXFileReference; lastKnownFileType = file.storyboard; path = AccountsModalScreen.storyboard; sourceTree = "<group>"; };
		A11BDA7F29F4CC7E006CF6B2 /* AccountsModalScreen.swift */ = {isa = PBXFileReference; lastKnownFileType = sourcecode.swift; path = AccountsModalScreen.swift; sourceTree = "<group>"; };
		A11BDA8429F4CFB6006CF6B2 /* AccountsTableViewCell.swift */ = {isa = PBXFileReference; lastKnownFileType = sourcecode.swift; path = AccountsTableViewCell.swift; sourceTree = "<group>"; };
		A11BDA8529F4CFB6006CF6B2 /* AccountsTableViewCell.xib */ = {isa = PBXFileReference; lastKnownFileType = file.xib; path = AccountsTableViewCell.xib; sourceTree = "<group>"; };
		A140933C29E6EC3D0037662B /* CategoriesSum.swift */ = {isa = PBXFileReference; lastKnownFileType = sourcecode.swift; path = CategoriesSum.swift; sourceTree = "<group>"; };
		A140934129E73ACA0037662B /* RegisterIncomeScreen.storyboard */ = {isa = PBXFileReference; lastKnownFileType = file.storyboard; path = RegisterIncomeScreen.storyboard; sourceTree = "<group>"; };
		A140934329E73AD20037662B /* RegisterIncomeScreen.swift */ = {isa = PBXFileReference; lastKnownFileType = sourcecode.swift; path = RegisterIncomeScreen.swift; sourceTree = "<group>"; };
		A140934529E73B750037662B /* RegisterExpenseScreen.storyboard */ = {isa = PBXFileReference; lastKnownFileType = file.storyboard; path = RegisterExpenseScreen.storyboard; sourceTree = "<group>"; };
		A140934929E73BCC0037662B /* RegisterCardExpScreen.storyboard */ = {isa = PBXFileReference; lastKnownFileType = file.storyboard; path = RegisterCardExpScreen.storyboard; sourceTree = "<group>"; };
		A140934B29E73BD30037662B /* RegisterCardExpScreen.swift */ = {isa = PBXFileReference; lastKnownFileType = sourcecode.swift; path = RegisterCardExpScreen.swift; sourceTree = "<group>"; };
		A140934E29E7625A0037662B /* AddTrasactionsViewModel.swift */ = {isa = PBXFileReference; lastKnownFileType = sourcecode.swift; path = AddTrasactionsViewModel.swift; sourceTree = "<group>"; };
		A140935029E772720037662B /* RegisterExpenseScreen.swift */ = {isa = PBXFileReference; lastKnownFileType = sourcecode.swift; path = RegisterExpenseScreen.swift; sourceTree = "<group>"; };
		A14DAE5B29D4E51400714208 /* TabBarController.storyboard */ = {isa = PBXFileReference; lastKnownFileType = file.storyboard; path = TabBarController.storyboard; sourceTree = "<group>"; };
		A14DAE5F29D4E91900714208 /* TransactionsScreen.storyboard */ = {isa = PBXFileReference; lastKnownFileType = file.storyboard; path = TransactionsScreen.storyboard; sourceTree = "<group>"; };
		A14DAE6229D4E94200714208 /* TransactionsScreen.swift */ = {isa = PBXFileReference; lastKnownFileType = sourcecode.swift; path = TransactionsScreen.swift; sourceTree = "<group>"; };
		A16636EB29DE1A9400162872 /* TransactionsCollectionViewCell.swift */ = {isa = PBXFileReference; lastKnownFileType = sourcecode.swift; path = TransactionsCollectionViewCell.swift; sourceTree = "<group>"; };
		A16636EE29DE33C500162872 /* Transactions.swift */ = {isa = PBXFileReference; lastKnownFileType = sourcecode.swift; path = Transactions.swift; sourceTree = "<group>"; };
		A16688E829F06E8600568217 /* HomeViewModel.swift */ = {isa = PBXFileReference; lastKnownFileType = sourcecode.swift; path = HomeViewModel.swift; sourceTree = "<group>"; };
		A16688EA29F08CF600568217 /* BalanceValues.swift */ = {isa = PBXFileReference; lastKnownFileType = sourcecode.swift; path = BalanceValues.swift; sourceTree = "<group>"; };
		A16688F729F0B32900568217 /* TransactionsCollectionViewCell.xib */ = {isa = PBXFileReference; lastKnownFileType = file.xib; path = TransactionsCollectionViewCell.xib; sourceTree = "<group>"; };
		A16688FB29F17E5200568217 /* TransactionsViewModel.swift */ = {isa = PBXFileReference; lastKnownFileType = sourcecode.swift; path = TransactionsViewModel.swift; sourceTree = "<group>"; };
		A166B96129DF4BD600F33A98 /* ListedCategories.swift */ = {isa = PBXFileReference; lastKnownFileType = sourcecode.swift; path = ListedCategories.swift; sourceTree = "<group>"; };
		A189A39829F58A4700C22A6D /* BankColors.swift */ = {isa = PBXFileReference; lastKnownFileType = sourcecode.swift; path = BankColors.swift; sourceTree = "<group>"; };
		A1A92BB329F8122A00E14EE8 /* CreditCardModalScreen.storyboard */ = {isa = PBXFileReference; lastKnownFileType = file.storyboard; path = CreditCardModalScreen.storyboard; sourceTree = "<group>"; };
		A1A92BB629F8124400E14EE8 /* CreditCardModalScreen.swift */ = {isa = PBXFileReference; lastKnownFileType = sourcecode.swift; path = CreditCardModalScreen.swift; sourceTree = "<group>"; };
		A1A92BBD29F812B600E14EE8 /* CreditCardModalCell.swift */ = {isa = PBXFileReference; lastKnownFileType = sourcecode.swift; path = CreditCardModalCell.swift; sourceTree = "<group>"; };
		A1A92BBE29F812B600E14EE8 /* CreditCardModalCell.xib */ = {isa = PBXFileReference; lastKnownFileType = file.xib; path = CreditCardModalCell.xib; sourceTree = "<group>"; };
		A1A92BC329F81C1D00E14EE8 /* RegisterCardExpViewModel.swift */ = {isa = PBXFileReference; lastKnownFileType = sourcecode.swift; path = RegisterCardExpViewModel.swift; sourceTree = "<group>"; };
		A1A92BC529F81D6200E14EE8 /* CreditCardExpenses.swift */ = {isa = PBXFileReference; lastKnownFileType = sourcecode.swift; path = CreditCardExpenses.swift; sourceTree = "<group>"; };
		A1C9EFE229E60A7D0029B69F /* SplashScreen.storyboard */ = {isa = PBXFileReference; lastKnownFileType = file.storyboard; path = SplashScreen.storyboard; sourceTree = "<group>"; };
		A1C9EFE429E60A880029B69F /* SplashScreen.swift */ = {isa = PBXFileReference; lastKnownFileType = sourcecode.swift; path = SplashScreen.swift; sourceTree = "<group>"; };
		A1C9EFE629E60BB60029B69F /* MainScreen.swift */ = {isa = PBXFileReference; lastKnownFileType = sourcecode.swift; path = MainScreen.swift; sourceTree = "<group>"; };
		A1C9EFE929E60CF50029B69F /* RegisterScreen.storyboard */ = {isa = PBXFileReference; lastKnownFileType = file.storyboard; path = RegisterScreen.storyboard; sourceTree = "<group>"; };
		A1C9EFEB29E60D080029B69F /* RegisterScreen.swift */ = {isa = PBXFileReference; lastKnownFileType = sourcecode.swift; path = RegisterScreen.swift; sourceTree = "<group>"; };
		A1C9EFEE29E60D7D0029B69F /* LoginScreen.swift */ = {isa = PBXFileReference; lastKnownFileType = sourcecode.swift; path = LoginScreen.swift; sourceTree = "<group>"; };
		A1C9EFF029E60D840029B69F /* LoginScreen.storyboard */ = {isa = PBXFileReference; lastKnownFileType = file.storyboard; path = LoginScreen.storyboard; sourceTree = "<group>"; };
		A1C9EFF229E60E200029B69F /* ErrorScreen.storyboard */ = {isa = PBXFileReference; lastKnownFileType = file.storyboard; path = ErrorScreen.storyboard; sourceTree = "<group>"; };
		A1C9F01D29E64E340029B69F /* TabBarController.swift */ = {isa = PBXFileReference; lastKnownFileType = sourcecode.swift; path = TabBarController.swift; sourceTree = "<group>"; };
		A1D2F84629E99A2600DCA6E4 /* CategoriesModalScreen.storyboard */ = {isa = PBXFileReference; lastKnownFileType = file.storyboard; path = CategoriesModalScreen.storyboard; sourceTree = "<group>"; };
		A1D2F84829E99A3100DCA6E4 /* CategoriesModalScreen.swift */ = {isa = PBXFileReference; lastKnownFileType = sourcecode.swift; path = CategoriesModalScreen.swift; sourceTree = "<group>"; };
		A1D2F84B29E9E5B100DCA6E4 /* CategoriesModalCell.swift */ = {isa = PBXFileReference; lastKnownFileType = sourcecode.swift; path = CategoriesModalCell.swift; sourceTree = "<group>"; };
		A1D2F84C29E9E5B100DCA6E4 /* CategoriesModalCell.xib */ = {isa = PBXFileReference; lastKnownFileType = file.xib; path = CategoriesModalCell.xib; sourceTree = "<group>"; };
		A1E107B229E4E9A6005A3F4F /* AccountsScreen.storyboard */ = {isa = PBXFileReference; lastKnownFileType = file.storyboard; path = AccountsScreen.storyboard; sourceTree = "<group>"; };
		A1E107B629E4EDB9005A3F4F /* AccountsScreen.swift */ = {isa = PBXFileReference; lastKnownFileType = sourcecode.swift; path = AccountsScreen.swift; sourceTree = "<group>"; };
		A1E107BA29E4F426005A3F4F /* CreditCardsScreen.storyboard */ = {isa = PBXFileReference; lastKnownFileType = file.storyboard; path = CreditCardsScreen.storyboard; sourceTree = "<group>"; };
		A1E107BC29E4F432005A3F4F /* CreditCardsScreen.swift */ = {isa = PBXFileReference; lastKnownFileType = sourcecode.swift; path = CreditCardsScreen.swift; sourceTree = "<group>"; };
		A1E107BF29E4F63D005A3F4F /* ProfileScreen.storyboard */ = {isa = PBXFileReference; lastKnownFileType = file.storyboard; path = ProfileScreen.storyboard; sourceTree = "<group>"; };
		A1E107C129E4F646005A3F4F /* ProfileScreen.swift */ = {isa = PBXFileReference; lastKnownFileType = sourcecode.swift; path = ProfileScreen.swift; sourceTree = "<group>"; };
		A1E107C629E4F784005A3F4F /* CurrencyScreen.storyboard */ = {isa = PBXFileReference; lastKnownFileType = file.storyboard; path = CurrencyScreen.storyboard; sourceTree = "<group>"; };
		A1E107C829E4F78F005A3F4F /* CurrencyScreen.swift */ = {isa = PBXFileReference; lastKnownFileType = sourcecode.swift; path = CurrencyScreen.swift; sourceTree = "<group>"; };
		A1F4210229F6215B005C346B /* AccountsModalViewModel.swift */ = {isa = PBXFileReference; lastKnownFileType = sourcecode.swift; path = AccountsModalViewModel.swift; sourceTree = "<group>"; };
		A1F4210729F62379005C346B /* CategoriesModalViewModel.swift */ = {isa = PBXFileReference; lastKnownFileType = sourcecode.swift; path = CategoriesModalViewModel.swift; sourceTree = "<group>"; };
		E35D084629BDAD100098F0B5 /* FinanceApp_BackFront.app */ = {isa = PBXFileReference; explicitFileType = wrapper.application; includeInIndex = 0; path = FinanceApp_BackFront.app; sourceTree = BUILT_PRODUCTS_DIR; };
		E35D084929BDAD100098F0B5 /* AppDelegate.swift */ = {isa = PBXFileReference; lastKnownFileType = sourcecode.swift; path = AppDelegate.swift; sourceTree = "<group>"; };
		E35D084B29BDAD100098F0B5 /* SceneDelegate.swift */ = {isa = PBXFileReference; lastKnownFileType = sourcecode.swift; path = SceneDelegate.swift; sourceTree = "<group>"; };
		E35D084D29BDAD100098F0B5 /* ViewController.swift */ = {isa = PBXFileReference; lastKnownFileType = sourcecode.swift; path = ViewController.swift; sourceTree = "<group>"; };
		E35D085029BDAD100098F0B5 /* Base */ = {isa = PBXFileReference; lastKnownFileType = file.storyboard; name = Base; path = Base.lproj/MainScreen.storyboard; sourceTree = "<group>"; };
		E35D085329BDAD100098F0B5 /* FinanceApp_BackFront.xcdatamodel */ = {isa = PBXFileReference; lastKnownFileType = wrapper.xcdatamodel; path = FinanceApp_BackFront.xcdatamodel; sourceTree = "<group>"; };
		E35D085529BDAD110098F0B5 /* Assets.xcassets */ = {isa = PBXFileReference; lastKnownFileType = folder.assetcatalog; path = Assets.xcassets; sourceTree = "<group>"; };
		E35D085829BDAD110098F0B5 /* Base */ = {isa = PBXFileReference; lastKnownFileType = file.storyboard; name = Base; path = Base.lproj/LaunchScreen.storyboard; sourceTree = "<group>"; };
		E35D085A29BDAD110098F0B5 /* Info.plist */ = {isa = PBXFileReference; lastKnownFileType = text.plist.xml; path = Info.plist; sourceTree = "<group>"; };
		E35D086029BDB0310098F0B5 /* HomeScreen.swift */ = {isa = PBXFileReference; lastKnownFileType = sourcecode.swift; path = HomeScreen.swift; sourceTree = "<group>"; };
		E35D086229BDB03D0098F0B5 /* HomeScreen.storyboard */ = {isa = PBXFileReference; lastKnownFileType = file.storyboard; path = HomeScreen.storyboard; sourceTree = "<group>"; };
		E35D086829BDB1C60098F0B5 /* AddTransactionScreen.swift */ = {isa = PBXFileReference; lastKnownFileType = sourcecode.swift; path = AddTransactionScreen.swift; sourceTree = "<group>"; };
		E35D086A29BDB1D00098F0B5 /* AddTransactionScreen.storyboard */ = {isa = PBXFileReference; lastKnownFileType = file.storyboard; path = AddTransactionScreen.storyboard; sourceTree = "<group>"; };
		E35D087029BDB2030098F0B5 /* MoreOptionsScreen.swift */ = {isa = PBXFileReference; lastKnownFileType = sourcecode.swift; path = MoreOptionsScreen.swift; sourceTree = "<group>"; };
		E35D087229BDB20C0098F0B5 /* MoreOptionsScreen.storyboard */ = {isa = PBXFileReference; lastKnownFileType = file.storyboard; path = MoreOptionsScreen.storyboard; sourceTree = "<group>"; };
		E366E3B629E0D8A200F89209 /* Charts.framework */ = {isa = PBXFileReference; explicitFileType = wrapper.framework; path = Charts.framework; sourceTree = BUILT_PRODUCTS_DIR; };
		E366E3B829E0D8A700F89209 /* Algorithms.framework */ = {isa = PBXFileReference; explicitFileType = wrapper.framework; path = Algorithms.framework; sourceTree = BUILT_PRODUCTS_DIR; };
		E3C0915829C21CC900BE4441 /* GoalsScreen.swift */ = {isa = PBXFileReference; lastKnownFileType = sourcecode.swift; path = GoalsScreen.swift; sourceTree = "<group>"; };
		E3C0915A29C21CD400BE4441 /* GoalsScreen.storyboard */ = {isa = PBXFileReference; lastKnownFileType = file.storyboard; path = GoalsScreen.storyboard; sourceTree = "<group>"; };
		E3E9089029BFAF1B00B34864 /* CategoriesGraphScreen.swift */ = {isa = PBXFileReference; lastKnownFileType = sourcecode.swift; path = CategoriesGraphScreen.swift; sourceTree = "<group>"; };
		E3E9089229BFAF2A00B34864 /* CategoriesGraphScreen.storyboard */ = {isa = PBXFileReference; lastKnownFileType = file.storyboard; path = CategoriesGraphScreen.storyboard; sourceTree = "<group>"; };
		E3E9089529BFF95D00B34864 /* Poppins */ = {isa = PBXFileReference; lastKnownFileType = folder; path = Poppins; sourceTree = "<group>"; };
/* End PBXFileReference section */

/* Begin PBXFrameworksBuildPhase section */
		E35D084329BDAD100098F0B5 /* Frameworks */ = {
			isa = PBXFrameworksBuildPhase;
			buildActionMask = 2147483647;
			files = (
				E366E3B929E0D8A700F89209 /* Algorithms.framework in Frameworks */,
				E366E3B729E0D8A200F89209 /* Charts.framework in Frameworks */,
				77C95F712D80F1F287355889 /* Pods_FinanceApp_BackFront.framework in Frameworks */,
			);
			runOnlyForDeploymentPostprocessing = 0;
		};
/* End PBXFrameworksBuildPhase section */

/* Begin PBXGroup section */
		1A570D5CBF68D44959199050 /* Pods */ = {
			isa = PBXGroup;
			children = (
				692476B1F1F3BEC20C43432B /* Pods-FinanceApp_BackFront.debug.xcconfig */,
				0C974D3A11D911F04F2A9C80 /* Pods-FinanceApp_BackFront.release.xcconfig */,
			);
			path = Pods;
			sourceTree = "<group>";
		};
		A103B51529F6B55000A0D9C9 /* AddAccountTransactionsScreens */ = {
			isa = PBXGroup;
			children = (
				A140934D29E761560037662B /* ViewModel */,
				A140933E29E73A3E0037662B /* RegisterIncomeScreen */,
				A140933F29E73A6F0037662B /* RegisterExpenseScreen */,
			);
			path = AddAccountTransactionsScreens;
			sourceTree = "<group>";
		};
		A11BDA7929F4C47F006CF6B2 /* Enums */ = {
			isa = PBXGroup;
			children = (
				A11BDA7329F4C173006CF6B2 /* Banks.swift */,
				A11BDA7A29F4C4A3006CF6B2 /* TransactionType.swift */,
				A11BDA7729F4C478006CF6B2 /* CardBrand.swift */,
			);
			path = Enums;
			sourceTree = "<group>";
		};
		A11BDA7E29F4CC5B006CF6B2 /* AccountsModalScreen */ = {
			isa = PBXGroup;
			children = (
				A11BDA8129F4CE5E006CF6B2 /* Cell */,
				A1F4210429F62267005C346B /* View */,
				A1F4210129F62135005C346B /* ViewModel */,
			);
			path = AccountsModalScreen;
			sourceTree = "<group>";
		};
		A11BDA8129F4CE5E006CF6B2 /* Cell */ = {
			isa = PBXGroup;
			children = (
				A11BDA8529F4CFB6006CF6B2 /* AccountsTableViewCell.xib */,
				A11BDA8429F4CFB6006CF6B2 /* AccountsTableViewCell.swift */,
			);
			path = Cell;
			sourceTree = "<group>";
		};
		A140933E29E73A3E0037662B /* RegisterIncomeScreen */ = {
			isa = PBXGroup;
			children = (
				A140934129E73ACA0037662B /* RegisterIncomeScreen.storyboard */,
				A140934329E73AD20037662B /* RegisterIncomeScreen.swift */,
			);
			path = RegisterIncomeScreen;
			sourceTree = "<group>";
		};
		A140933F29E73A6F0037662B /* RegisterExpenseScreen */ = {
			isa = PBXGroup;
			children = (
				A140934529E73B750037662B /* RegisterExpenseScreen.storyboard */,
				A140935029E772720037662B /* RegisterExpenseScreen.swift */,
			);
			path = RegisterExpenseScreen;
			sourceTree = "<group>";
		};
		A140934029E73A800037662B /* RegisterCardExpScreen */ = {
			isa = PBXGroup;
			children = (
				A1A92BC229F81BFC00E14EE8 /* ViewModel */,
				A1A92BC129F81BF500E14EE8 /* View */,
			);
			path = RegisterCardExpScreen;
			sourceTree = "<group>";
		};
		A140934D29E761560037662B /* ViewModel */ = {
			isa = PBXGroup;
			children = (
				A140934E29E7625A0037662B /* AddTrasactionsViewModel.swift */,
			);
			path = ViewModel;
			sourceTree = "<group>";
		};
		A14DAE5D29D4E52000714208 /* Main */ = {
			isa = PBXGroup;
			children = (
				E35D084D29BDAD100098F0B5 /* ViewController.swift */,
				E35D084F29BDAD100098F0B5 /* MainScreen.storyboard */,
				A1C9EFE629E60BB60029B69F /* MainScreen.swift */,
			);
			path = Main;
			sourceTree = "<group>";
		};
		A14DAE5E29D4E53600714208 /* TabBarController */ = {
			isa = PBXGroup;
			children = (
				A14DAE5B29D4E51400714208 /* TabBarController.storyboard */,
				A1C9F01D29E64E340029B69F /* TabBarController.swift */,
			);
			name = TabBarController;
			path = RegisterScreen/TabBarController;
			sourceTree = "<group>";
		};
		A14DAE6129D4E92300714208 /* TransactionsScreen */ = {
			isa = PBXGroup;
			children = (
				A16688F529F0B2F700568217 /* Cell */,
				A1E703E029F2DD0700CB4021 /* View */,
				A16688FA29F17E1B00568217 /* ViewModel */,
			);
			path = TransactionsScreen;
			sourceTree = "<group>";
		};
		A16636ED29DE1B0400162872 /* Models */ = {
			isa = PBXGroup;
			children = (
				A11BDA7929F4C47F006CF6B2 /* Enums */,
				A16636EE29DE33C500162872 /* Transactions.swift */,
				A1A92BC529F81D6200E14EE8 /* CreditCardExpenses.swift */,
				A166B96129DF4BD600F33A98 /* ListedCategories.swift */,
				A140933C29E6EC3D0037662B /* CategoriesSum.swift */,
				A16688EA29F08CF600568217 /* BalanceValues.swift */,
				A11BDA7129F4C04A006CF6B2 /* BankAccount.swift */,
				A11BDA7529F4C24B006CF6B2 /* CreditCard.swift */,
				A189A39829F58A4700C22A6D /* BankColors.swift */,
			);
			path = Models;
			sourceTree = "<group>";
		};
		A16688E529F06D4C00568217 /* Resources */ = {
			isa = PBXGroup;
			children = (
				E35D084929BDAD100098F0B5 /* AppDelegate.swift */,
				E35D084B29BDAD100098F0B5 /* SceneDelegate.swift */,
				E35D085729BDAD110098F0B5 /* LaunchScreen.storyboard */,
				E35D085529BDAD110098F0B5 /* Assets.xcassets */,
				E3E9089529BFF95D00B34864 /* Poppins */,
			);
			path = Resources;
			sourceTree = "<group>";
		};
		A16688E629F06E5800568217 /* View */ = {
			isa = PBXGroup;
			children = (
				E35D086229BDB03D0098F0B5 /* HomeScreen.storyboard */,
				E35D086029BDB0310098F0B5 /* HomeScreen.swift */,
			);
			path = View;
			sourceTree = "<group>";
		};
		A16688E729F06E6400568217 /* ViewModel */ = {
			isa = PBXGroup;
			children = (
				A16688E829F06E8600568217 /* HomeViewModel.swift */,
			);
			path = ViewModel;
			sourceTree = "<group>";
		};
		A16688F529F0B2F700568217 /* Cell */ = {
			isa = PBXGroup;
			children = (
				A16636EB29DE1A9400162872 /* TransactionsCollectionViewCell.swift */,
				A16688F729F0B32900568217 /* TransactionsCollectionViewCell.xib */,
			);
			path = Cell;
			sourceTree = "<group>";
		};
		A16688FA29F17E1B00568217 /* ViewModel */ = {
			isa = PBXGroup;
			children = (
				A16688FB29F17E5200568217 /* TransactionsViewModel.swift */,
			);
			path = ViewModel;
			sourceTree = "<group>";
		};
		A16B56A229C1076500E53727 /* Telas */ = {
			isa = PBXGroup;
			children = (
				A1C9EFDC29E607A40029B69F /* SplashScreen */,
				A14DAE5D29D4E52000714208 /* Main */,
				A1C9EFED29E60D620029B69F /* LoginScreen */,
				A1C9EFE829E60CD60029B69F /* RegisterScreen */,
				A14DAE5E29D4E53600714208 /* TabBarController */,
				A16B56A429C1079000E53727 /* HomeScreen */,
				A14DAE6129D4E92300714208 /* TransactionsScreen */,
				A16B56A529C1079900E53727 /* AddTransactionScreen */,
				A103B51529F6B55000A0D9C9 /* AddAccountTransactionsScreens */,
				A140934029E73A800037662B /* RegisterCardExpScreen */,
				E3C0915729C21C9100BE4441 /* GoalsScreen */,
				A16B56A629C107A400E53727 /* MoreOptionsScreen */,
				A1E107B129E4E977005A3F4F /* AccountsScreen */,
				A1E107B929E4F410005A3F4F /* CreditCardsScreen */,
				A16B56A829C107BC00E53727 /* CategoriesGraphScreen */,
				A1E107C529E4F773005A3F4F /* CurrencyScreen */,
				A1E107BE29E4F628005A3F4F /* ProfileScreen */,
				A1D2F84429E999D500DCA6E4 /* ModalScreens */,
				A1C9F01C29E64DAB0029B69F /* ErrorScreen */,
			);
			path = Telas;
			sourceTree = "<group>";
		};
		A16B56A429C1079000E53727 /* HomeScreen */ = {
			isa = PBXGroup;
			children = (
				A16688E729F06E6400568217 /* ViewModel */,
				A16688E629F06E5800568217 /* View */,
			);
			path = HomeScreen;
			sourceTree = "<group>";
		};
		A16B56A529C1079900E53727 /* AddTransactionScreen */ = {
			isa = PBXGroup;
			children = (
				E35D086A29BDB1D00098F0B5 /* AddTransactionScreen.storyboard */,
				E35D086829BDB1C60098F0B5 /* AddTransactionScreen.swift */,
			);
			path = AddTransactionScreen;
			sourceTree = "<group>";
		};
		A16B56A629C107A400E53727 /* MoreOptionsScreen */ = {
			isa = PBXGroup;
			children = (
				E35D087029BDB2030098F0B5 /* MoreOptionsScreen.swift */,
				E35D087229BDB20C0098F0B5 /* MoreOptionsScreen.storyboard */,
			);
			path = MoreOptionsScreen;
			sourceTree = "<group>";
		};
		A16B56A829C107BC00E53727 /* CategoriesGraphScreen */ = {
			isa = PBXGroup;
			children = (
				E3E9089029BFAF1B00B34864 /* CategoriesGraphScreen.swift */,
				E3E9089229BFAF2A00B34864 /* CategoriesGraphScreen.storyboard */,
			);
			path = CategoriesGraphScreen;
			sourceTree = "<group>";
		};
		A1A92BB229F8120500E14EE8 /* CreditCardModalScreen */ = {
			isa = PBXGroup;
			children = (
				A1A92BC729F8221700E14EE8 /* ViewModel */,
				A1A92BB829F8127300E14EE8 /* Cell */,
				A1A92BB529F8123000E14EE8 /* View */,
			);
			path = CreditCardModalScreen;
			sourceTree = "<group>";
		};
		A1A92BB529F8123000E14EE8 /* View */ = {
			isa = PBXGroup;
			children = (
				A1A92BB329F8122A00E14EE8 /* CreditCardModalScreen.storyboard */,
				A1A92BB629F8124400E14EE8 /* CreditCardModalScreen.swift */,
			);
			path = View;
			sourceTree = "<group>";
		};
		A1A92BB829F8127300E14EE8 /* Cell */ = {
			isa = PBXGroup;
			children = (
				A1A92BBE29F812B600E14EE8 /* CreditCardModalCell.xib */,
				A1A92BBD29F812B600E14EE8 /* CreditCardModalCell.swift */,
			);
			path = Cell;
			sourceTree = "<group>";
		};
		A1A92BC129F81BF500E14EE8 /* View */ = {
			isa = PBXGroup;
			children = (
				A140934929E73BCC0037662B /* RegisterCardExpScreen.storyboard */,
				A140934B29E73BD30037662B /* RegisterCardExpScreen.swift */,
			);
			path = View;
			sourceTree = "<group>";
		};
		A1A92BC229F81BFC00E14EE8 /* ViewModel */ = {
			isa = PBXGroup;
			children = (
				A1A92BC329F81C1D00E14EE8 /* RegisterCardExpViewModel.swift */,
			);
			path = ViewModel;
			sourceTree = "<group>";
		};
		A1A92BC729F8221700E14EE8 /* ViewModel */ = {
			isa = PBXGroup;
			children = (
			);
			path = ViewModel;
			sourceTree = "<group>";
		};
		A1C9EFDC29E607A40029B69F /* SplashScreen */ = {
			isa = PBXGroup;
			children = (
				A1C9EFE229E60A7D0029B69F /* SplashScreen.storyboard */,
				A1C9EFE429E60A880029B69F /* SplashScreen.swift */,
			);
			path = SplashScreen;
			sourceTree = "<group>";
		};
		A1C9EFE829E60CD60029B69F /* RegisterScreen */ = {
			isa = PBXGroup;
			children = (
				A1C9EFEB29E60D080029B69F /* RegisterScreen.swift */,
				A1C9EFE929E60CF50029B69F /* RegisterScreen.storyboard */,
			);
			path = RegisterScreen;
			sourceTree = "<group>";
		};
		A1C9EFED29E60D620029B69F /* LoginScreen */ = {
			isa = PBXGroup;
			children = (
				A1C9EFF029E60D840029B69F /* LoginScreen.storyboard */,
				A1C9EFEE29E60D7D0029B69F /* LoginScreen.swift */,
			);
			path = LoginScreen;
			sourceTree = "<group>";
		};
		A1C9F01C29E64DAB0029B69F /* ErrorScreen */ = {
			isa = PBXGroup;
			children = (
				A1C9EFF229E60E200029B69F /* ErrorScreen.storyboard */,
			);
			path = ErrorScreen;
			sourceTree = "<group>";
		};
		A1D2F84429E999D500DCA6E4 /* ModalScreens */ = {
			isa = PBXGroup;
			children = (
				A1A92BB229F8120500E14EE8 /* CreditCardModalScreen */,
				A1D2F84529E99A0200DCA6E4 /* CategoriesModalScreen */,
				A11BDA7E29F4CC5B006CF6B2 /* AccountsModalScreen */,
			);
			path = ModalScreens;
			sourceTree = "<group>";
		};
		A1D2F84529E99A0200DCA6E4 /* CategoriesModalScreen */ = {
			isa = PBXGroup;
			children = (
				A1D2F84A29E9E57F00DCA6E4 /* Cell */,
				A1F4210629F62363005C346B /* ViewModel */,
				A1F4210529F6235F005C346B /* View */,
			);
			path = CategoriesModalScreen;
			sourceTree = "<group>";
		};
		A1D2F84A29E9E57F00DCA6E4 /* Cell */ = {
			isa = PBXGroup;
			children = (
				A1D2F84C29E9E5B100DCA6E4 /* CategoriesModalCell.xib */,
				A1D2F84B29E9E5B100DCA6E4 /* CategoriesModalCell.swift */,
			);
			path = Cell;
			sourceTree = "<group>";
		};
		A1E107B129E4E977005A3F4F /* AccountsScreen */ = {
			isa = PBXGroup;
			children = (
				A1E107B229E4E9A6005A3F4F /* AccountsScreen.storyboard */,
				A1E107B629E4EDB9005A3F4F /* AccountsScreen.swift */,
			);
			path = AccountsScreen;
			sourceTree = "<group>";
		};
		A1E107B929E4F410005A3F4F /* CreditCardsScreen */ = {
			isa = PBXGroup;
			children = (
				A1E107BA29E4F426005A3F4F /* CreditCardsScreen.storyboard */,
				A1E107BC29E4F432005A3F4F /* CreditCardsScreen.swift */,
			);
			path = CreditCardsScreen;
			sourceTree = "<group>";
		};
		A1E107BE29E4F628005A3F4F /* ProfileScreen */ = {
			isa = PBXGroup;
			children = (
				A1E107BF29E4F63D005A3F4F /* ProfileScreen.storyboard */,
				A1E107C129E4F646005A3F4F /* ProfileScreen.swift */,
			);
			path = ProfileScreen;
			sourceTree = "<group>";
		};
		A1E107C529E4F773005A3F4F /* CurrencyScreen */ = {
			isa = PBXGroup;
			children = (
				A1E107C629E4F784005A3F4F /* CurrencyScreen.storyboard */,
				A1E107C829E4F78F005A3F4F /* CurrencyScreen.swift */,
			);
			path = CurrencyScreen;
			sourceTree = "<group>";
		};
		A1E703E029F2DD0700CB4021 /* View */ = {
			isa = PBXGroup;
			children = (
				A14DAE5F29D4E91900714208 /* TransactionsScreen.storyboard */,
				A14DAE6229D4E94200714208 /* TransactionsScreen.swift */,
			);
			path = View;
			sourceTree = "<group>";
		};
		A1F4210129F62135005C346B /* ViewModel */ = {
			isa = PBXGroup;
			children = (
				A1F4210229F6215B005C346B /* AccountsModalViewModel.swift */,
			);
			path = ViewModel;
			sourceTree = "<group>";
		};
		A1F4210429F62267005C346B /* View */ = {
			isa = PBXGroup;
			children = (
				A11BDA7C29F4CC55006CF6B2 /* AccountsModalScreen.storyboard */,
				A11BDA7F29F4CC7E006CF6B2 /* AccountsModalScreen.swift */,
			);
			path = View;
			sourceTree = "<group>";
		};
		A1F4210529F6235F005C346B /* View */ = {
			isa = PBXGroup;
			children = (
				A1D2F84629E99A2600DCA6E4 /* CategoriesModalScreen.storyboard */,
				A1D2F84829E99A3100DCA6E4 /* CategoriesModalScreen.swift */,
			);
			path = View;
			sourceTree = "<group>";
		};
		A1F4210629F62363005C346B /* ViewModel */ = {
			isa = PBXGroup;
			children = (
				A1F4210729F62379005C346B /* CategoriesModalViewModel.swift */,
			);
			path = ViewModel;
			sourceTree = "<group>";
		};
		B150CEFEE079F7249876CA80 /* Frameworks */ = {
			isa = PBXGroup;
			children = (
				E366E3B829E0D8A700F89209 /* Algorithms.framework */,
				E366E3B629E0D8A200F89209 /* Charts.framework */,
				851463C049845516B8F4A4A8 /* Pods_FinanceApp_BackFront.framework */,
			);
			name = Frameworks;
			sourceTree = "<group>";
		};
		E35D083D29BDAD100098F0B5 = {
			isa = PBXGroup;
			children = (
				E35D084829BDAD100098F0B5 /* FinanceApp_BackFront */,
				E35D084729BDAD100098F0B5 /* Products */,
				1A570D5CBF68D44959199050 /* Pods */,
				B150CEFEE079F7249876CA80 /* Frameworks */,
			);
			sourceTree = "<group>";
		};
		E35D084729BDAD100098F0B5 /* Products */ = {
			isa = PBXGroup;
			children = (
				E35D084629BDAD100098F0B5 /* FinanceApp_BackFront.app */,
			);
			name = Products;
			sourceTree = "<group>";
		};
		E35D084829BDAD100098F0B5 /* FinanceApp_BackFront */ = {
			isa = PBXGroup;
			children = (
				E35D085229BDAD100098F0B5 /* FinanceApp_BackFront.xcdatamodeld */,
				E35D085A29BDAD110098F0B5 /* Info.plist */,
				A16B56A229C1076500E53727 /* Telas */,
				A16636ED29DE1B0400162872 /* Models */,
				A16688E529F06D4C00568217 /* Resources */,
			);
			path = FinanceApp_BackFront;
			sourceTree = "<group>";
		};
		E3C0915729C21C9100BE4441 /* GoalsScreen */ = {
			isa = PBXGroup;
			children = (
				E3C0915829C21CC900BE4441 /* GoalsScreen.swift */,
				E3C0915A29C21CD400BE4441 /* GoalsScreen.storyboard */,
			);
			path = GoalsScreen;
			sourceTree = "<group>";
		};
/* End PBXGroup section */

/* Begin PBXNativeTarget section */
		E35D084529BDAD100098F0B5 /* FinanceApp_BackFront */ = {
			isa = PBXNativeTarget;
			buildConfigurationList = E35D085D29BDAD110098F0B5 /* Build configuration list for PBXNativeTarget "FinanceApp_BackFront" */;
			buildPhases = (
				508F1C797E342E0395898767 /* [CP] Check Pods Manifest.lock */,
				E35D084229BDAD100098F0B5 /* Sources */,
				E35D084329BDAD100098F0B5 /* Frameworks */,
				E35D084429BDAD100098F0B5 /* Resources */,
				8824D3F8F61A3C561032BE1B /* [CP] Embed Pods Frameworks */,
			);
			buildRules = (
			);
			dependencies = (
			);
			name = FinanceApp_BackFront;
			productName = FinanceApp_BackFront;
			productReference = E35D084629BDAD100098F0B5 /* FinanceApp_BackFront.app */;
			productType = "com.apple.product-type.application";
		};
/* End PBXNativeTarget section */

/* Begin PBXProject section */
		E35D083E29BDAD100098F0B5 /* Project object */ = {
			isa = PBXProject;
			attributes = {
				BuildIndependentTargetsInParallel = 1;
				LastSwiftUpdateCheck = 1420;
				LastUpgradeCheck = 1420;
				TargetAttributes = {
					E35D084529BDAD100098F0B5 = {
						CreatedOnToolsVersion = 14.2;
					};
				};
			};
			buildConfigurationList = E35D084129BDAD100098F0B5 /* Build configuration list for PBXProject "FinanceApp_BackFront" */;
			compatibilityVersion = "Xcode 14.0";
			developmentRegion = en;
			hasScannedForEncodings = 0;
			knownRegions = (
				en,
				Base,
			);
			mainGroup = E35D083D29BDAD100098F0B5;
			productRefGroup = E35D084729BDAD100098F0B5 /* Products */;
			projectDirPath = "";
			projectRoot = "";
			targets = (
				E35D084529BDAD100098F0B5 /* FinanceApp_BackFront */,
			);
		};
/* End PBXProject section */

/* Begin PBXResourcesBuildPhase section */
		E35D084429BDAD100098F0B5 /* Resources */ = {
			isa = PBXResourcesBuildPhase;
			buildActionMask = 2147483647;
			files = (
				A1E107BB29E4F426005A3F4F /* CreditCardsScreen.storyboard in Resources */,
				E35D085929BDAD110098F0B5 /* LaunchScreen.storyboard in Resources */,
				A1E107C729E4F784005A3F4F /* CurrencyScreen.storyboard in Resources */,
				E3C0915B29C21CD400BE4441 /* GoalsScreen.storyboard in Resources */,
				A1C9EFF129E60D840029B69F /* LoginScreen.storyboard in Resources */,
				A140934629E73B750037662B /* RegisterExpenseScreen.storyboard in Resources */,
				A14DAE6029D4E91900714208 /* TransactionsScreen.storyboard in Resources */,
				A140934229E73ACA0037662B /* RegisterIncomeScreen.storyboard in Resources */,
				A140934A29E73BCC0037662B /* RegisterCardExpScreen.storyboard in Resources */,
				A14DAE5C29D4E51400714208 /* TabBarController.storyboard in Resources */,
				A1E107B329E4E9A6005A3F4F /* AccountsScreen.storyboard in Resources */,
				A1A92BC029F812B600E14EE8 /* CreditCardModalCell.xib in Resources */,
				A1D2F84E29E9E5B100DCA6E4 /* CategoriesModalCell.xib in Resources */,
				E35D087329BDB20C0098F0B5 /* MoreOptionsScreen.storyboard in Resources */,
				E3E9089629BFF95D00B34864 /* Poppins in Resources */,
				A1A92BB429F8122A00E14EE8 /* CreditCardModalScreen.storyboard in Resources */,
				A1C9EFEA29E60CF50029B69F /* RegisterScreen.storyboard in Resources */,
				A1C9EFE329E60A7D0029B69F /* SplashScreen.storyboard in Resources */,
				E3E9089329BFAF2A00B34864 /* CategoriesGraphScreen.storyboard in Resources */,
				A16688F929F0B32900568217 /* TransactionsCollectionViewCell.xib in Resources */,
				E35D086329BDB03D0098F0B5 /* HomeScreen.storyboard in Resources */,
				A1D2F84729E99A2600DCA6E4 /* CategoriesModalScreen.storyboard in Resources */,
				A11BDA7D29F4CC55006CF6B2 /* AccountsModalScreen.storyboard in Resources */,
				A1C9EFF329E60E200029B69F /* ErrorScreen.storyboard in Resources */,
				E35D085629BDAD110098F0B5 /* Assets.xcassets in Resources */,
				E35D086B29BDB1D00098F0B5 /* AddTransactionScreen.storyboard in Resources */,
				A1E107C029E4F63D005A3F4F /* ProfileScreen.storyboard in Resources */,
				A11BDA8729F4CFB6006CF6B2 /* AccountsTableViewCell.xib in Resources */,
				E35D085129BDAD100098F0B5 /* MainScreen.storyboard in Resources */,
			);
			runOnlyForDeploymentPostprocessing = 0;
		};
/* End PBXResourcesBuildPhase section */

/* Begin PBXShellScriptBuildPhase section */
		508F1C797E342E0395898767 /* [CP] Check Pods Manifest.lock */ = {
			isa = PBXShellScriptBuildPhase;
			buildActionMask = 2147483647;
			files = (
			);
			inputFileListPaths = (
			);
			inputPaths = (
				"${PODS_PODFILE_DIR_PATH}/Podfile.lock",
				"${PODS_ROOT}/Manifest.lock",
			);
			name = "[CP] Check Pods Manifest.lock";
			outputFileListPaths = (
			);
			outputPaths = (
				"$(DERIVED_FILE_DIR)/Pods-FinanceApp_BackFront-checkManifestLockResult.txt",
			);
			runOnlyForDeploymentPostprocessing = 0;
			shellPath = /bin/sh;
			shellScript = "diff \"${PODS_PODFILE_DIR_PATH}/Podfile.lock\" \"${PODS_ROOT}/Manifest.lock\" > /dev/null\nif [ $? != 0 ] ; then\n    # print error to STDERR\n    echo \"error: The sandbox is not in sync with the Podfile.lock. Run 'pod install' or update your CocoaPods installation.\" >&2\n    exit 1\nfi\n# This output is used by Xcode 'outputs' to avoid re-running this script phase.\necho \"SUCCESS\" > \"${SCRIPT_OUTPUT_FILE_0}\"\n";
			showEnvVarsInLog = 0;
		};
		8824D3F8F61A3C561032BE1B /* [CP] Embed Pods Frameworks */ = {
			isa = PBXShellScriptBuildPhase;
			buildActionMask = 2147483647;
			files = (
			);
			inputFileListPaths = (
				"${PODS_ROOT}/Target Support Files/Pods-FinanceApp_BackFront/Pods-FinanceApp_BackFront-frameworks-${CONFIGURATION}-input-files.xcfilelist",
			);
			name = "[CP] Embed Pods Frameworks";
			outputFileListPaths = (
				"${PODS_ROOT}/Target Support Files/Pods-FinanceApp_BackFront/Pods-FinanceApp_BackFront-frameworks-${CONFIGURATION}-output-files.xcfilelist",
			);
			runOnlyForDeploymentPostprocessing = 0;
			shellPath = /bin/sh;
			shellScript = "\"${PODS_ROOT}/Target Support Files/Pods-FinanceApp_BackFront/Pods-FinanceApp_BackFront-frameworks.sh\"\n";
			showEnvVarsInLog = 0;
		};
/* End PBXShellScriptBuildPhase section */

/* Begin PBXSourcesBuildPhase section */
		E35D084229BDAD100098F0B5 /* Sources */ = {
			isa = PBXSourcesBuildPhase;
			buildActionMask = 2147483647;
			files = (
				A1F4210329F6215B005C346B /* AccountsModalViewModel.swift in Sources */,
				A1C9EFEC29E60D080029B69F /* RegisterScreen.swift in Sources */,
				A140933D29E6EC3D0037662B /* CategoriesSum.swift in Sources */,
				A140934C29E73BD30037662B /* RegisterCardExpScreen.swift in Sources */,
				E35D084E29BDAD100098F0B5 /* ViewController.swift in Sources */,
				E35D087129BDB2030098F0B5 /* MoreOptionsScreen.swift in Sources */,
				A140935129E772720037662B /* RegisterExpenseScreen.swift in Sources */,
				A11BDA7629F4C24B006CF6B2 /* CreditCard.swift in Sources */,
				A1F4210829F62379005C346B /* CategoriesModalViewModel.swift in Sources */,
				E35D086129BDB0310098F0B5 /* HomeScreen.swift in Sources */,
				A1C9F01E29E64E340029B69F /* TabBarController.swift in Sources */,
				A16688EB29F08CF600568217 /* BalanceValues.swift in Sources */,
				E35D085429BDAD100098F0B5 /* FinanceApp_BackFront.xcdatamodeld in Sources */,
				A1E107C929E4F78F005A3F4F /* CurrencyScreen.swift in Sources */,
				A11BDA7B29F4C4A3006CF6B2 /* TransactionType.swift in Sources */,
				A11BDA8029F4CC7E006CF6B2 /* AccountsModalScreen.swift in Sources */,
				E3C0915929C21CC900BE4441 /* GoalsScreen.swift in Sources */,
				E35D086929BDB1C60098F0B5 /* AddTransactionScreen.swift in Sources */,
				A1E107C229E4F646005A3F4F /* ProfileScreen.swift in Sources */,
				A1A92BC629F81D6200E14EE8 /* CreditCardExpenses.swift in Sources */,
				A11BDA8629F4CFB6006CF6B2 /* AccountsTableViewCell.swift in Sources */,
				A16688E929F06E8600568217 /* HomeViewModel.swift in Sources */,
				A1A92BB729F8124400E14EE8 /* CreditCardModalScreen.swift in Sources */,
				A166B96229DF4BD600F33A98 /* ListedCategories.swift in Sources */,
				A140934F29E7625A0037662B /* AddTrasactionsViewModel.swift in Sources */,
				A11BDA7229F4C04A006CF6B2 /* BankAccount.swift in Sources */,
				E35D084A29BDAD100098F0B5 /* AppDelegate.swift in Sources */,
				A1D2F84D29E9E5B100DCA6E4 /* CategoriesModalCell.swift in Sources */,
				A140934429E73AD20037662B /* RegisterIncomeScreen.swift in Sources */,
				A1C9EFEF29E60D7D0029B69F /* LoginScreen.swift in Sources */,
				A11BDA7829F4C478006CF6B2 /* CardBrand.swift in Sources */,
				A16636EC29DE1A9400162872 /* TransactionsCollectionViewCell.swift in Sources */,
				A14DAE6329D4E94200714208 /* TransactionsScreen.swift in Sources */,
				A1E107BD29E4F432005A3F4F /* CreditCardsScreen.swift in Sources */,
				A1D2F84929E99A3100DCA6E4 /* CategoriesModalScreen.swift in Sources */,
				A1A92BBF29F812B600E14EE8 /* CreditCardModalCell.swift in Sources */,
				A189A39929F58A4700C22A6D /* BankColors.swift in Sources */,
				E3E9089129BFAF1B00B34864 /* CategoriesGraphScreen.swift in Sources */,
				A16636EF29DE33C500162872 /* Transactions.swift in Sources */,
				A16688FC29F17E5200568217 /* TransactionsViewModel.swift in Sources */,
				A1C9EFE529E60A880029B69F /* SplashScreen.swift in Sources */,
				A1A92BC429F81C1D00E14EE8 /* RegisterCardExpViewModel.swift in Sources */,
				E35D084C29BDAD100098F0B5 /* SceneDelegate.swift in Sources */,
				A11BDA7429F4C173006CF6B2 /* Banks.swift in Sources */,
				A1C9EFE729E60BB60029B69F /* MainScreen.swift in Sources */,
				A1E107B729E4EDB9005A3F4F /* AccountsScreen.swift in Sources */,
			);
			runOnlyForDeploymentPostprocessing = 0;
		};
/* End PBXSourcesBuildPhase section */

/* Begin PBXVariantGroup section */
		E35D084F29BDAD100098F0B5 /* MainScreen.storyboard */ = {
			isa = PBXVariantGroup;
			children = (
				E35D085029BDAD100098F0B5 /* Base */,
			);
			name = MainScreen.storyboard;
			sourceTree = "<group>";
		};
		E35D085729BDAD110098F0B5 /* LaunchScreen.storyboard */ = {
			isa = PBXVariantGroup;
			children = (
				E35D085829BDAD110098F0B5 /* Base */,
			);
			name = LaunchScreen.storyboard;
			sourceTree = "<group>";
		};
/* End PBXVariantGroup section */

/* Begin XCBuildConfiguration section */
		E35D085B29BDAD110098F0B5 /* Debug */ = {
			isa = XCBuildConfiguration;
			buildSettings = {
				ALWAYS_SEARCH_USER_PATHS = NO;
				CLANG_ANALYZER_NONNULL = YES;
				CLANG_ANALYZER_NUMBER_OBJECT_CONVERSION = YES_AGGRESSIVE;
				CLANG_CXX_LANGUAGE_STANDARD = "gnu++20";
				CLANG_ENABLE_MODULES = YES;
				CLANG_ENABLE_OBJC_ARC = YES;
				CLANG_ENABLE_OBJC_WEAK = YES;
				CLANG_WARN_BLOCK_CAPTURE_AUTORELEASING = YES;
				CLANG_WARN_BOOL_CONVERSION = YES;
				CLANG_WARN_COMMA = YES;
				CLANG_WARN_CONSTANT_CONVERSION = YES;
				CLANG_WARN_DEPRECATED_OBJC_IMPLEMENTATIONS = YES;
				CLANG_WARN_DIRECT_OBJC_ISA_USAGE = YES_ERROR;
				CLANG_WARN_DOCUMENTATION_COMMENTS = YES;
				CLANG_WARN_EMPTY_BODY = YES;
				CLANG_WARN_ENUM_CONVERSION = YES;
				CLANG_WARN_INFINITE_RECURSION = YES;
				CLANG_WARN_INT_CONVERSION = YES;
				CLANG_WARN_NON_LITERAL_NULL_CONVERSION = YES;
				CLANG_WARN_OBJC_IMPLICIT_RETAIN_SELF = YES;
				CLANG_WARN_OBJC_LITERAL_CONVERSION = YES;
				CLANG_WARN_OBJC_ROOT_CLASS = YES_ERROR;
				CLANG_WARN_QUOTED_INCLUDE_IN_FRAMEWORK_HEADER = YES;
				CLANG_WARN_RANGE_LOOP_ANALYSIS = YES;
				CLANG_WARN_STRICT_PROTOTYPES = YES;
				CLANG_WARN_SUSPICIOUS_MOVE = YES;
				CLANG_WARN_UNGUARDED_AVAILABILITY = YES_AGGRESSIVE;
				CLANG_WARN_UNREACHABLE_CODE = YES;
				CLANG_WARN__DUPLICATE_METHOD_MATCH = YES;
				COPY_PHASE_STRIP = NO;
				DEBUG_INFORMATION_FORMAT = dwarf;
				ENABLE_STRICT_OBJC_MSGSEND = YES;
				ENABLE_TESTABILITY = YES;
				GCC_C_LANGUAGE_STANDARD = gnu11;
				GCC_DYNAMIC_NO_PIC = NO;
				GCC_NO_COMMON_BLOCKS = YES;
				GCC_OPTIMIZATION_LEVEL = 0;
				GCC_PREPROCESSOR_DEFINITIONS = (
					"DEBUG=1",
					"$(inherited)",
				);
				GCC_WARN_64_TO_32_BIT_CONVERSION = YES;
				GCC_WARN_ABOUT_RETURN_TYPE = YES_ERROR;
				GCC_WARN_UNDECLARED_SELECTOR = YES;
				GCC_WARN_UNINITIALIZED_AUTOS = YES_AGGRESSIVE;
				GCC_WARN_UNUSED_FUNCTION = YES;
				GCC_WARN_UNUSED_VARIABLE = YES;
				IPHONEOS_DEPLOYMENT_TARGET = 16.2;
				MTL_ENABLE_DEBUG_INFO = INCLUDE_SOURCE;
				MTL_FAST_MATH = YES;
				ONLY_ACTIVE_ARCH = YES;
				SDKROOT = iphoneos;
				SWIFT_ACTIVE_COMPILATION_CONDITIONS = DEBUG;
				SWIFT_OPTIMIZATION_LEVEL = "-Onone";
			};
			name = Debug;
		};
		E35D085C29BDAD110098F0B5 /* Release */ = {
			isa = XCBuildConfiguration;
			buildSettings = {
				ALWAYS_SEARCH_USER_PATHS = NO;
				CLANG_ANALYZER_NONNULL = YES;
				CLANG_ANALYZER_NUMBER_OBJECT_CONVERSION = YES_AGGRESSIVE;
				CLANG_CXX_LANGUAGE_STANDARD = "gnu++20";
				CLANG_ENABLE_MODULES = YES;
				CLANG_ENABLE_OBJC_ARC = YES;
				CLANG_ENABLE_OBJC_WEAK = YES;
				CLANG_WARN_BLOCK_CAPTURE_AUTORELEASING = YES;
				CLANG_WARN_BOOL_CONVERSION = YES;
				CLANG_WARN_COMMA = YES;
				CLANG_WARN_CONSTANT_CONVERSION = YES;
				CLANG_WARN_DEPRECATED_OBJC_IMPLEMENTATIONS = YES;
				CLANG_WARN_DIRECT_OBJC_ISA_USAGE = YES_ERROR;
				CLANG_WARN_DOCUMENTATION_COMMENTS = YES;
				CLANG_WARN_EMPTY_BODY = YES;
				CLANG_WARN_ENUM_CONVERSION = YES;
				CLANG_WARN_INFINITE_RECURSION = YES;
				CLANG_WARN_INT_CONVERSION = YES;
				CLANG_WARN_NON_LITERAL_NULL_CONVERSION = YES;
				CLANG_WARN_OBJC_IMPLICIT_RETAIN_SELF = YES;
				CLANG_WARN_OBJC_LITERAL_CONVERSION = YES;
				CLANG_WARN_OBJC_ROOT_CLASS = YES_ERROR;
				CLANG_WARN_QUOTED_INCLUDE_IN_FRAMEWORK_HEADER = YES;
				CLANG_WARN_RANGE_LOOP_ANALYSIS = YES;
				CLANG_WARN_STRICT_PROTOTYPES = YES;
				CLANG_WARN_SUSPICIOUS_MOVE = YES;
				CLANG_WARN_UNGUARDED_AVAILABILITY = YES_AGGRESSIVE;
				CLANG_WARN_UNREACHABLE_CODE = YES;
				CLANG_WARN__DUPLICATE_METHOD_MATCH = YES;
				COPY_PHASE_STRIP = NO;
				DEBUG_INFORMATION_FORMAT = "dwarf-with-dsym";
				ENABLE_NS_ASSERTIONS = NO;
				ENABLE_STRICT_OBJC_MSGSEND = YES;
				GCC_C_LANGUAGE_STANDARD = gnu11;
				GCC_NO_COMMON_BLOCKS = YES;
				GCC_WARN_64_TO_32_BIT_CONVERSION = YES;
				GCC_WARN_ABOUT_RETURN_TYPE = YES_ERROR;
				GCC_WARN_UNDECLARED_SELECTOR = YES;
				GCC_WARN_UNINITIALIZED_AUTOS = YES_AGGRESSIVE;
				GCC_WARN_UNUSED_FUNCTION = YES;
				GCC_WARN_UNUSED_VARIABLE = YES;
				IPHONEOS_DEPLOYMENT_TARGET = 16.2;
				MTL_ENABLE_DEBUG_INFO = NO;
				MTL_FAST_MATH = YES;
				SDKROOT = iphoneos;
				SWIFT_COMPILATION_MODE = wholemodule;
				SWIFT_OPTIMIZATION_LEVEL = "-O";
				VALIDATE_PRODUCT = YES;
			};
			name = Release;
		};
		E35D085E29BDAD110098F0B5 /* Debug */ = {
			isa = XCBuildConfiguration;
			baseConfigurationReference = 692476B1F1F3BEC20C43432B /* Pods-FinanceApp_BackFront.debug.xcconfig */;
			buildSettings = {
				ASSETCATALOG_COMPILER_APPICON_NAME = AppIcon;
				ASSETCATALOG_COMPILER_GLOBAL_ACCENT_COLOR_NAME = AccentColor;
				CODE_SIGN_STYLE = Automatic;
				CURRENT_PROJECT_VERSION = 1;
				GENERATE_INFOPLIST_FILE = YES;
				INFOPLIST_FILE = FinanceApp_BackFront/Info.plist;
				INFOPLIST_KEY_UIApplicationSupportsIndirectInputEvents = YES;
				INFOPLIST_KEY_UILaunchStoryboardName = LaunchScreen;
				INFOPLIST_KEY_UIMainStoryboardFile = SplashScreen;
				INFOPLIST_KEY_UISupportedInterfaceOrientations = UIInterfaceOrientationPortrait;
				INFOPLIST_KEY_UISupportedInterfaceOrientations_iPad = "UIInterfaceOrientationPortrait UIInterfaceOrientationPortraitUpsideDown";
				IPHONEOS_DEPLOYMENT_TARGET = 16.0;
				LD_RUNPATH_SEARCH_PATHS = (
					"$(inherited)",
					"@executable_path/Frameworks",
				);
				MARKETING_VERSION = 1.0;
				PRODUCT_BUNDLE_IDENTIFIER = "com.yurialencar.FinanceApp-BackFront";
				PRODUCT_NAME = "$(TARGET_NAME)";
				SWIFT_EMIT_LOC_STRINGS = YES;
				SWIFT_VERSION = 5.0;
				TARGETED_DEVICE_FAMILY = "1,2";
			};
			name = Debug;
		};
		E35D085F29BDAD110098F0B5 /* Release */ = {
			isa = XCBuildConfiguration;
			baseConfigurationReference = 0C974D3A11D911F04F2A9C80 /* Pods-FinanceApp_BackFront.release.xcconfig */;
			buildSettings = {
				ASSETCATALOG_COMPILER_APPICON_NAME = AppIcon;
				ASSETCATALOG_COMPILER_GLOBAL_ACCENT_COLOR_NAME = AccentColor;
				CODE_SIGN_STYLE = Automatic;
				CURRENT_PROJECT_VERSION = 1;
				GENERATE_INFOPLIST_FILE = YES;
				INFOPLIST_FILE = FinanceApp_BackFront/Info.plist;
				INFOPLIST_KEY_UIApplicationSupportsIndirectInputEvents = YES;
				INFOPLIST_KEY_UILaunchStoryboardName = LaunchScreen;
				INFOPLIST_KEY_UIMainStoryboardFile = SplashScreen;
				INFOPLIST_KEY_UISupportedInterfaceOrientations = UIInterfaceOrientationPortrait;
				INFOPLIST_KEY_UISupportedInterfaceOrientations_iPad = "UIInterfaceOrientationPortrait UIInterfaceOrientationPortraitUpsideDown";
				IPHONEOS_DEPLOYMENT_TARGET = 16.0;
				LD_RUNPATH_SEARCH_PATHS = (
					"$(inherited)",
					"@executable_path/Frameworks",
				);
				MARKETING_VERSION = 1.0;
				PRODUCT_BUNDLE_IDENTIFIER = "com.yurialencar.FinanceApp-BackFront";
				PRODUCT_NAME = "$(TARGET_NAME)";
				SWIFT_EMIT_LOC_STRINGS = YES;
				SWIFT_VERSION = 5.0;
				TARGETED_DEVICE_FAMILY = "1,2";
			};
			name = Release;
		};
/* End XCBuildConfiguration section */

/* Begin XCConfigurationList section */
		E35D084129BDAD100098F0B5 /* Build configuration list for PBXProject "FinanceApp_BackFront" */ = {
			isa = XCConfigurationList;
			buildConfigurations = (
				E35D085B29BDAD110098F0B5 /* Debug */,
				E35D085C29BDAD110098F0B5 /* Release */,
			);
			defaultConfigurationIsVisible = 0;
			defaultConfigurationName = Release;
		};
		E35D085D29BDAD110098F0B5 /* Build configuration list for PBXNativeTarget "FinanceApp_BackFront" */ = {
			isa = XCConfigurationList;
			buildConfigurations = (
				E35D085E29BDAD110098F0B5 /* Debug */,
				E35D085F29BDAD110098F0B5 /* Release */,
			);
			defaultConfigurationIsVisible = 0;
			defaultConfigurationName = Release;
		};
/* End XCConfigurationList section */

/* Begin XCVersionGroup section */
		E35D085229BDAD100098F0B5 /* FinanceApp_BackFront.xcdatamodeld */ = {
			isa = XCVersionGroup;
			children = (
				E35D085329BDAD100098F0B5 /* FinanceApp_BackFront.xcdatamodel */,
			);
			currentVersion = E35D085329BDAD100098F0B5 /* FinanceApp_BackFront.xcdatamodel */;
			path = FinanceApp_BackFront.xcdatamodeld;
			sourceTree = "<group>";
			versionGroupType = wrapper.xcdatamodel;
		};
/* End XCVersionGroup section */
	};
	rootObject = E35D083E29BDAD100098F0B5 /* Project object */;
}
